<?xml version="1.0" encoding="utf-8"?>
<Project ToolsVersion="4.0" xmlns="http://schemas.microsoft.com/developer/msbuild/2003">
  <ItemGroup>
    <Filter Include="Source Files">
      <UniqueIdentifier>{4FC737F1-C7A5-4376-A066-2A32D752A2FF}</UniqueIdentifier>
      <Extensions>cpp;c;cc;cxx;def;odl;idl;hpj;bat;asm;asmx</Extensions>
    </Filter>
    <Filter Include="Header Files">
      <UniqueIdentifier>{93995380-89BD-4b04-88EB-625FBE52EBFB}</UniqueIdentifier>
      <Extensions>h;hh;hpp;hxx;hm;inl;inc;xsd</Extensions>
    </Filter>
    <Filter Include="Resource Files">
      <UniqueIdentifier>{67DA6AB6-F800-4c08-8B7A-83BB121AAD01}</UniqueIdentifier>
      <Extensions>rc;ico;cur;bmp;dlg;rc2;rct;bin;rgs;gif;jpg;jpeg;jpe;resx;tiff;tif;png;wav;mfcribbon-ms</Extensions>
    </Filter>
    <Filter Include="Source Files\7Z_OBJS">
      <UniqueIdentifier>{0f9fce37-ace3-471f-827d-f50c90abd92b}</UniqueIdentifier>
    </Filter>
    <Filter Include="Source Files\7ZE_OBJS">
      <UniqueIdentifier>{2910a58f-a55a-45ab-9f21-8cbee27f4039}</UniqueIdentifier>
    </Filter>
    <Filter Include="Source Files\7ZIP_COMMON_OBJS">
      <UniqueIdentifier>{87221a91-3bf4-4720-8a27-191556968fd1}</UniqueIdentifier>
    </Filter>
    <Filter Include="Source Files\AGENT_OBJS">
      <UniqueIdentifier>{534c1962-f1b5-4015-a327-6cdcb7274e5a}</UniqueIdentifier>
    </Filter>
    <Filter Include="Source Files\AR_OBJS">
      <UniqueIdentifier>{c291ccbe-2445-404c-881c-3e695a465027}</UniqueIdentifier>
    </Filter>
    <Filter Include="Source Files\AR_COMMON_OBJS">
      <UniqueIdentifier>{381d5529-8807-4af8-b229-1b4963777d45}</UniqueIdentifier>
    </Filter>
    <Filter Include="Source Files\ASM_OBJS">
      <UniqueIdentifier>{0f56fdc5-4843-47a8-9b48-6a342ed46521}</UniqueIdentifier>
    </Filter>
    <Filter Include="Source Files\C_OBJS">
      <UniqueIdentifier>{0484c59f-93fc-4a78-933f-bf44ae4f30ce}</UniqueIdentifier>
    </Filter>
    <Filter Include="Source Files\CAB_OBJS">
      <UniqueIdentifier>{7dc1ee9d-bbc5-40fa-b60b-1f1444e8cc18}</UniqueIdentifier>
    </Filter>
    <Filter Include="Source Files\CHM_OBJS">
      <UniqueIdentifier>{14ff0d2a-515a-43d4-9a5a-3d75ab598a5a}</UniqueIdentifier>
    </Filter>
    <Filter Include="Source Files\COMMON_OBJS">
      <UniqueIdentifier>{644e054a-8542-4dbe-9fa0-575f19dcfce9}</UniqueIdentifier>
    </Filter>
    <Filter Include="Source Files\COMPRESS_OBJS">
      <UniqueIdentifier>{3ff088af-cacb-4a01-a73c-fc70209c447b}</UniqueIdentifier>
    </Filter>
    <Filter Include="Source Files\COMPRESS_OBJS\CSC32_OBJS">
      <UniqueIdentifier>{838dc7f6-7f25-4cf1-bf77-5b8a31062032}</UniqueIdentifier>
    </Filter>
    <Filter Include="Source Files\COMPRESS_OBJS\LIBBSC_OBJS">
      <UniqueIdentifier>{274574d0-a630-42a3-b3f3-732d84f70f16}</UniqueIdentifier>
    </Filter>
    <Filter Include="Source Files\COMPRESS_OBJS\PACKJPG_OBJS">
      <UniqueIdentifier>{34f83f6e-061a-4605-976e-6538409eb187}</UniqueIdentifier>
    </Filter>
    <Filter Include="Source Files\CRYPTO_OBJS">
      <UniqueIdentifier>{e39d009c-c243-409f-af04-4b993e4c04e5}</UniqueIdentifier>
    </Filter>
    <Filter Include="Header Files\FME_HDRS">
      <UniqueIdentifier>{f49e8021-1399-42bd-a20b-82a2428d4632}</UniqueIdentifier>
    </Filter>
    <Filter Include="Source Files\FME_OBJS">
      <UniqueIdentifier>{e625e8b9-4353-4c88-854c-8c7628c71ba6}</UniqueIdentifier>
    </Filter>
    <Filter Include="Source Files\ISO_OBJS">
      <UniqueIdentifier>{6145e782-0b94-4e7a-8258-b0da3f1efb88}</UniqueIdentifier>
    </Filter>
    <Filter Include="Source Files\NSIS_OBJS">
      <UniqueIdentifier>{f4e2e61f-6a0a-4109-954e-68521730ba37}</UniqueIdentifier>
    </Filter>
    <Filter Include="Source Files\RAR_OBJS">
      <UniqueIdentifier>{8089c3d1-f8a9-4ac9-8742-e8741f452744}</UniqueIdentifier>
    </Filter>
    <Filter Include="Source Files\TAR_OBJS">
      <UniqueIdentifier>{2c4f5ecf-0048-42d3-b252-1241f2e82ed5}</UniqueIdentifier>
    </Filter>
    <Filter Include="Source Files\UDF_OBJS">
      <UniqueIdentifier>{5629c51b-0e4f-4945-bc96-426a44f92bc7}</UniqueIdentifier>
    </Filter>
    <Filter Include="Source Files\UI_COMMON_OBJS">
      <UniqueIdentifier>{b069681e-c3d7-4bbe-bdb6-21dc289eb974}</UniqueIdentifier>
    </Filter>
    <Filter Include="Source Files\UI_EXPLORER_OBJS">
      <UniqueIdentifier>{b7ab61aa-fa84-4c3c-adc9-eff39e8841db}</UniqueIdentifier>
    </Filter>
    <Filter Include="Source Files\WIM_OBJS">
      <UniqueIdentifier>{954fbf94-cf56-4492-b37a-beb20c6a2693}</UniqueIdentifier>
    </Filter>
    <Filter Include="Source Files\WIN_OBJS">
      <UniqueIdentifier>{2d662a3a-61d4-4233-aab8-bc5414e0101a}</UniqueIdentifier>
    </Filter>
    <Filter Include="Source Files\WIN_CTRL_OBJS">
      <UniqueIdentifier>{02bb5eb3-7ba1-4687-87ea-693ecc08ca25}</UniqueIdentifier>
    </Filter>
    <Filter Include="Source Files\ZIP_OBJS">
      <UniqueIdentifier>{aa17da02-9380-4f64-8617-bf28eb86b304}</UniqueIdentifier>
    </Filter>
    <Filter Include="Source Files\FME_OBJS\LEGACY">
      <UniqueIdentifier>{b60c9d5c-4ab1-49a6-9c2b-4e4df8bc889a}</UniqueIdentifier>
    </Filter>
    <Filter Include="Header Files\FME_HDRS\LEGACY">
      <UniqueIdentifier>{9445aae0-d225-4dc2-b795-dd8d144035fa}</UniqueIdentifier>
    </Filter>
  </ItemGroup>
  <ItemGroup>
    <Text Include="ReadMe.txt" />
  </ItemGroup>
  <ItemGroup>
    <ClInclude Include="stdafx.h">
      <Filter>Header Files</Filter>
    </ClInclude>
    <ClInclude Include="targetver.h">
      <Filter>Header Files</Filter>
    </ClInclude>
    <ClInclude Include="7zipProFM.h">
      <Filter>Header Files\FME_HDRS</Filter>
    </ClInclude>
    <ClInclude Include="7zipProFMDlg.h">
      <Filter>Header Files\FME_HDRS</Filter>
    </ClInclude>
    <ClInclude Include="BenchmarkDialog.h">
      <Filter>Header Files\FME_HDRS</Filter>
    </ClInclude>
    <ClInclude Include="BCMenu.h">
      <Filter>Header Files\FME_HDRS</Filter>
    </ClInclude>
    <ClInclude Include="Bench.h">
      <Filter>Header Files\FME_HDRS</Filter>
    </ClInclude>
    <ClInclude Include="BtnST.h">
      <Filter>Header Files\FME_HDRS</Filter>
    </ClInclude>
    <ClInclude Include="CircularProgressCtrl.h">
      <Filter>Header Files\FME_HDRS</Filter>
    </ClInclude>
    <ClInclude Include="ColumnTreeCtrl.h">
      <Filter>Header Files\FME_HDRS</Filter>
    </ClInclude>
    <ClInclude Include="ComboDialog.h">
      <Filter>Header Files\FME_HDRS</Filter>
    </ClInclude>
    <ClInclude Include="CompressCall.h">
      <Filter>Header Files\FME_HDRS</Filter>
    </ClInclude>
    <ClInclude Include="CompressDialog.h">
      <Filter>Header Files\FME_HDRS</Filter>
    </ClInclude>
    <ClInclude Include="ContentsView.h">
      <Filter>Header Files\FME_HDRS</Filter>
    </ClInclude>
    <ClInclude Include="CopyDialog.h">
      <Filter>Header Files\FME_HDRS</Filter>
    </ClInclude>
    <ClInclude Include="DetailView.h">
      <Filter>Header Files\FME_HDRS</Filter>
    </ClInclude>
    <ClInclude Include="EditPage.h">
      <Filter>Header Files\FME_HDRS</Filter>
    </ClInclude>
    <ClInclude Include="ExtractCallback.h">
      <Filter>Header Files\FME_HDRS</Filter>
    </ClInclude>
    <ClInclude Include="ExtractDialog.h">
      <Filter>Header Files\FME_HDRS</Filter>
    </ClInclude>
    <ClInclude Include="ExtractGUI.h">
      <Filter>Header Files\FME_HDRS</Filter>
    </ClInclude>
    <ClInclude Include="FileFolderPluginOpen.h">
      <Filter>Header Files\FME_HDRS</Filter>
    </ClInclude>
    <ClInclude Include="FileManagerDlg.h">
      <Filter>Header Files\FME_HDRS</Filter>
    </ClInclude>
    <ClInclude Include="FMDropTarget.h">
      <Filter>Header Files\FME_HDRS</Filter>
    </ClInclude>
    <ClInclude Include="FMUtils.h">
      <Filter>Header Files\FME_HDRS</Filter>
    </ClInclude>
    <ClInclude Include="FoldersPage.h">
      <Filter>Header Files\FME_HDRS</Filter>
    </ClInclude>
    <ClInclude Include="FolderView.h">
      <Filter>Header Files\FME_HDRS</Filter>
    </ClInclude>
    <ClInclude Include="HashGUI.h">
      <Filter>Header Files\FME_HDRS</Filter>
    </ClInclude>
    <ClInclude Include="ImageUtils.h">
      <Filter>Header Files\FME_HDRS</Filter>
    </ClInclude>
    <ClInclude Include="LangPage.h">
      <Filter>Header Files\FME_HDRS</Filter>
    </ClInclude>
    <ClInclude Include="LoadCodecs.h">
      <Filter>Header Files\FME_HDRS</Filter>
    </ClInclude>
    <ClInclude Include="MenuPage.h">
      <Filter>Header Files\FME_HDRS</Filter>
    </ClInclude>
    <ClInclude Include="Messages.h">
      <Filter>Header Files\FME_HDRS</Filter>
    </ClInclude>
    <ClInclude Include="MessagesDialog.h">
      <Filter>Header Files\FME_HDRS</Filter>
    </ClInclude>
    <ClInclude Include="MyLoadMenu.h">
      <Filter>Header Files\FME_HDRS</Filter>
    </ClInclude>
    <ClInclude Include="NullFrame.h">
      <Filter>Header Files\FME_HDRS</Filter>
    </ClInclude>
    <ClInclude Include="NuonImg.h">
      <Filter>Header Files\FME_HDRS</Filter>
    </ClInclude>
    <ClInclude Include="OpenCallback.h">
      <Filter>Header Files\FME_HDRS</Filter>
    </ClInclude>
    <ClInclude Include="OverwriteDialog.h">
      <Filter>Header Files\FME_HDRS</Filter>
    </ClInclude>
    <ClInclude Include="PanelCopyThread.h">
      <Filter>Header Files\FME_HDRS</Filter>
    </ClInclude>
    <ClInclude Include="PasswordDialog.h">
      <Filter>Header Files\FME_HDRS</Filter>
    </ClInclude>
    <ClInclude Include="PluginInfoDlg.h">
      <Filter>Header Files</Filter>
    </ClInclude>
    <ClInclude Include="PluginsPage.h">
      <Filter>Header Files\FME_HDRS</Filter>
    </ClInclude>
    <ClInclude Include="ProgressDialog2.h">
      <Filter>Header Files\FME_HDRS</Filter>
    </ClInclude>
    <ClInclude Include="RegistryAssociations.h">
      <Filter>Header Files\FME_HDRS</Filter>
    </ClInclude>
    <ClInclude Include="RegistryPath.h">
      <Filter>Header Files\FME_HDRS</Filter>
    </ClInclude>
    <ClInclude Include="Resource.h">
      <Filter>Header Files\FME_HDRS</Filter>
    </ClInclude>
    <ClInclude Include="RootFolder.h">
      <Filter>Header Files\FME_HDRS</Filter>
    </ClInclude>
    <ClInclude Include="SettingsPage.h">
      <Filter>Header Files\FME_HDRS</Filter>
    </ClInclude>
    <ClInclude Include="SplitDialog.h">
      <Filter>Header Files\FME_HDRS</Filter>
    </ClInclude>
    <ClInclude Include="SplitUtils.h">
      <Filter>Header Files\FME_HDRS</Filter>
    </ClInclude>
    <ClInclude Include="Synchronization.h">
      <Filter>Header Files\FME_HDRS</Filter>
    </ClInclude>
    <ClInclude Include="SystemPage.h">
      <Filter>Header Files\FME_HDRS</Filter>
    </ClInclude>
    <ClInclude Include="ThreadFolderOperations.h">
      <Filter>Header Files\FME_HDRS</Filter>
    </ClInclude>
    <ClInclude Include="UpdateCallback100.h">
      <Filter>Header Files\FME_HDRS</Filter>
    </ClInclude>
    <ClInclude Include="UpdateCallbackGUI.h">
      <Filter>Header Files\FME_HDRS</Filter>
    </ClInclude>
    <ClInclude Include="UpdateCallbackGUI2.h">
      <Filter>Header Files\FME_HDRS</Filter>
    </ClInclude>
    <ClInclude Include="UpdateGUI.h">
      <Filter>Header Files\FME_HDRS</Filter>
    </ClInclude>
    <ClInclude Include="WICImagingFactory.h">
      <Filter>Header Files\FME_HDRS</Filter>
    </ClInclude>
    <ClInclude Include="..\..\7ze-src\CPP\7zip\UI\FileManager\AltStreamsFolder.h">
      <Filter>Header Files\FME_HDRS\LEGACY</Filter>
    </ClInclude>
    <ClInclude Include="..\..\7ze-src\CPP\7zip\UI\FileManager\EnumFormatEtc.h">
      <Filter>Header Files\FME_HDRS\LEGACY</Filter>
    </ClInclude>
    <ClInclude Include="..\..\7ze-src\CPP\7zip\UI\FileManager\FilePlugins.h">
      <Filter>Header Files\FME_HDRS\LEGACY</Filter>
    </ClInclude>
    <ClInclude Include="..\..\7ze-src\CPP\7zip\UI\FileManager\FormatUtils.h">
      <Filter>Header Files\FME_HDRS\LEGACY</Filter>
    </ClInclude>
    <ClInclude Include="..\..\7ze-src\CPP\7zip\UI\FileManager\FSDrives.h">
      <Filter>Header Files\FME_HDRS\LEGACY</Filter>
    </ClInclude>
    <ClInclude Include="..\..\7ze-src\CPP\7zip\UI\FileManager\FSFolder.h">
      <Filter>Header Files\FME_HDRS\LEGACY</Filter>
    </ClInclude>
    <ClInclude Include="..\..\7ze-src\CPP\7zip\UI\FileManager\HelpUtils.h">
      <Filter>Header Files\FME_HDRS\LEGACY</Filter>
    </ClInclude>
    <ClInclude Include="..\..\7ze-src\CPP\7zip\UI\FileManager\IFolder.h">
      <Filter>Header Files\FME_HDRS\LEGACY</Filter>
    </ClInclude>
    <ClInclude Include="..\..\7ze-src\CPP\7zip\UI\FileManager\LangUtils.h">
      <Filter>Header Files\FME_HDRS\LEGACY</Filter>
    </ClInclude>
    <ClInclude Include="..\..\7ze-src\CPP\7zip\UI\FileManager\PropertyName.h">
      <Filter>Header Files\FME_HDRS\LEGACY</Filter>
    </ClInclude>
    <ClInclude Include="..\..\7ze-src\CPP\7zip\UI\FileManager\RegistryPlugins.h">
      <Filter>Header Files\FME_HDRS\LEGACY</Filter>
    </ClInclude>
    <ClInclude Include="..\..\7ze-src\CPP\7zip\UI\FileManager\StringUtils.h">
      <Filter>Header Files\FME_HDRS\LEGACY</Filter>
    </ClInclude>
    <ClInclude Include="..\..\7ze-src\CPP\7zip\UI\FileManager\SysIconUtils.h">
      <Filter>Header Files\FME_HDRS\LEGACY</Filter>
    </ClInclude>
    <ClInclude Include="..\..\7ze-src\CPP\7zip\UI\FileManager\TextPairs.h">
      <Filter>Header Files\FME_HDRS\LEGACY</Filter>
    </ClInclude>
  </ItemGroup>
  <ItemGroup>
    <ClCompile Include="..\..\7ze-src\CPP\7zip\Archive\ApmHandler.cpp">
      <Filter>Source Files\AR_OBJS</Filter>
    </ClCompile>
    <ClCompile Include="..\..\7ze-src\CPP\7zip\Archive\ArHandler.cpp">
      <Filter>Source Files\AR_OBJS</Filter>
    </ClCompile>
    <ClCompile Include="..\..\7ze-src\CPP\7zip\Archive\ArjHandler.cpp">
      <Filter>Source Files\AR_OBJS</Filter>
    </ClCompile>
    <ClCompile Include="..\..\7ze-src\CPP\7zip\Archive\Bz2Handler.cpp">
      <Filter>Source Files\AR_OBJS</Filter>
    </ClCompile>
    <ClCompile Include="..\..\7ze-src\CPP\7zip\Archive\ComHandler.cpp">
      <Filter>Source Files\AR_OBJS</Filter>
    </ClCompile>
    <ClCompile Include="..\..\7ze-src\CPP\7zip\Archive\CpioHandler.cpp">
      <Filter>Source Files\AR_OBJS</Filter>
    </ClCompile>
    <ClCompile Include="..\..\7ze-src\CPP\7zip\Archive\CramfsHandler.cpp">
      <Filter>Source Files\AR_OBJS</Filter>
    </ClCompile>
    <ClCompile Include="..\..\7ze-src\CPP\7zip\Archive\DeflateProps.cpp">
      <Filter>Source Files\AR_OBJS</Filter>
    </ClCompile>
    <ClCompile Include="..\..\7ze-src\CPP\7zip\Archive\DmgHandler.cpp">
      <Filter>Source Files\AR_OBJS</Filter>
    </ClCompile>
    <ClCompile Include="..\..\7ze-src\CPP\7zip\Archive\ElfHandler.cpp">
      <Filter>Source Files\AR_OBJS</Filter>
    </ClCompile>
    <ClCompile Include="..\..\7ze-src\CPP\7zip\Archive\FatHandler.cpp">
      <Filter>Source Files\AR_OBJS</Filter>
    </ClCompile>
    <ClCompile Include="..\..\7ze-src\CPP\7zip\Archive\FlvHandler.cpp">
      <Filter>Source Files\AR_OBJS</Filter>
    </ClCompile>
    <ClCompile Include="..\..\7ze-src\CPP\7zip\Archive\GptHandler.cpp">
      <Filter>Source Files\AR_OBJS</Filter>
    </ClCompile>
    <ClCompile Include="..\..\7ze-src\CPP\7zip\Archive\GzHandler.cpp">
      <Filter>Source Files\AR_OBJS</Filter>
    </ClCompile>
    <ClCompile Include="..\..\7ze-src\CPP\7zip\Archive\HandlerCont.cpp">
      <Filter>Source Files\AR_OBJS</Filter>
    </ClCompile>
    <ClCompile Include="..\..\7ze-src\CPP\7zip\Archive\HfsHandler.cpp">
      <Filter>Source Files\AR_OBJS</Filter>
    </ClCompile>
    <ClCompile Include="..\..\7ze-src\CPP\7zip\Archive\IhexHandler.cpp">
      <Filter>Source Files\AR_OBJS</Filter>
    </ClCompile>
    <ClCompile Include="..\..\7ze-src\CPP\7zip\Archive\LzhHandler.cpp">
      <Filter>Source Files\AR_OBJS</Filter>
    </ClCompile>
    <ClCompile Include="..\..\7ze-src\CPP\7zip\Archive\LzmaHandler.cpp">
      <Filter>Source Files\AR_OBJS</Filter>
    </ClCompile>
    <ClCompile Include="..\..\7ze-src\CPP\7zip\Archive\MachoHandler.cpp">
      <Filter>Source Files\AR_OBJS</Filter>
    </ClCompile>
    <ClCompile Include="..\..\7ze-src\CPP\7zip\Archive\MbrHandler.cpp">
      <Filter>Source Files\AR_OBJS</Filter>
    </ClCompile>
    <ClCompile Include="..\..\7ze-src\CPP\7zip\Archive\MslzHandler.cpp">
      <Filter>Source Files\AR_OBJS</Filter>
    </ClCompile>
    <ClCompile Include="..\..\7ze-src\CPP\7zip\Archive\MubHandler.cpp">
      <Filter>Source Files\AR_OBJS</Filter>
    </ClCompile>
    <ClCompile Include="..\..\7ze-src\CPP\7zip\Archive\NtfsHandler.cpp">
      <Filter>Source Files\AR_OBJS</Filter>
    </ClCompile>
    <ClCompile Include="..\..\7ze-src\CPP\7zip\Archive\PeHandler.cpp">
      <Filter>Source Files\AR_OBJS</Filter>
    </ClCompile>
    <ClCompile Include="..\..\7ze-src\CPP\7zip\Archive\PpmdHandler.cpp">
      <Filter>Source Files\AR_OBJS</Filter>
    </ClCompile>
    <ClCompile Include="..\..\7ze-src\CPP\7zip\Archive\QcowHandler.cpp">
      <Filter>Source Files\AR_OBJS</Filter>
    </ClCompile>
    <ClCompile Include="..\..\7ze-src\CPP\7zip\Archive\RpmHandler.cpp">
      <Filter>Source Files\AR_OBJS</Filter>
    </ClCompile>
    <ClCompile Include="..\..\7ze-src\CPP\7zip\Archive\SplitHandler.cpp">
      <Filter>Source Files\AR_OBJS</Filter>
    </ClCompile>
    <ClCompile Include="..\..\7ze-src\CPP\7zip\Archive\SquashfsHandler.cpp">
      <Filter>Source Files\AR_OBJS</Filter>
    </ClCompile>
    <ClCompile Include="..\..\7ze-src\CPP\7zip\Archive\SwfHandler.cpp">
      <Filter>Source Files\AR_OBJS</Filter>
    </ClCompile>
    <ClCompile Include="..\..\7ze-src\CPP\7zip\Archive\UefiHandler.cpp">
      <Filter>Source Files\AR_OBJS</Filter>
    </ClCompile>
    <ClCompile Include="..\..\7ze-src\CPP\7zip\Archive\VdiHandler.cpp">
      <Filter>Source Files\AR_OBJS</Filter>
    </ClCompile>
    <ClCompile Include="..\..\7ze-src\CPP\7zip\Archive\VhdHandler.cpp">
      <Filter>Source Files\AR_OBJS</Filter>
    </ClCompile>
    <ClCompile Include="..\..\7ze-src\CPP\7zip\Archive\VmdkHandler.cpp">
      <Filter>Source Files\AR_OBJS</Filter>
    </ClCompile>
    <ClCompile Include="..\..\7ze-src\CPP\7zip\Archive\XarHandler.cpp">
      <Filter>Source Files\AR_OBJS</Filter>
    </ClCompile>
    <ClCompile Include="..\..\7ze-src\CPP\7zip\Archive\XzHandler.cpp">
      <Filter>Source Files\AR_OBJS</Filter>
    </ClCompile>
    <ClCompile Include="..\..\7ze-src\CPP\7zip\Archive\ZHandler.cpp">
      <Filter>Source Files\AR_OBJS</Filter>
    </ClCompile>
    <ClCompile Include="..\..\7ze-src\CPP\7zip\Archive\7z\7zCompressionMode.cpp">
      <Filter>Source Files\7Z_OBJS</Filter>
    </ClCompile>
    <ClCompile Include="..\..\7ze-src\CPP\7zip\Archive\7z\7zDecode.cpp">
      <Filter>Source Files\7Z_OBJS</Filter>
    </ClCompile>
    <ClCompile Include="..\..\7ze-src\CPP\7zip\Archive\7z\7zEncode.cpp">
      <Filter>Source Files\7Z_OBJS</Filter>
    </ClCompile>
    <ClCompile Include="..\..\7ze-src\CPP\7zip\Archive\7z\7zExtract.cpp">
      <Filter>Source Files\7Z_OBJS</Filter>
    </ClCompile>
    <ClCompile Include="..\..\7ze-src\CPP\7zip\Archive\7z\7zFolderInStream.cpp">
      <Filter>Source Files\7Z_OBJS</Filter>
    </ClCompile>
    <ClCompile Include="..\..\7ze-src\CPP\7zip\Archive\7z\7zFolderOutStream.cpp">
      <Filter>Source Files\7Z_OBJS</Filter>
    </ClCompile>
    <ClCompile Include="..\..\7ze-src\CPP\7zip\Archive\7z\7zHandler.cpp">
      <Filter>Source Files\7Z_OBJS</Filter>
    </ClCompile>
    <ClCompile Include="..\..\7ze-src\CPP\7zip\Archive\7z\7zHandlerOut.cpp">
      <Filter>Source Files\7Z_OBJS</Filter>
    </ClCompile>
    <ClCompile Include="..\..\7ze-src\CPP\7zip\Archive\7z\7zHeader.cpp">
      <Filter>Source Files\7Z_OBJS</Filter>
    </ClCompile>
    <ClCompile Include="..\..\7ze-src\CPP\7zip\Archive\7z\7zIn.cpp">
      <Filter>Source Files\7Z_OBJS</Filter>
    </ClCompile>
    <ClCompile Include="..\..\7ze-src\CPP\7zip\Archive\7z\7zOut.cpp">
      <Filter>Source Files\7Z_OBJS</Filter>
    </ClCompile>
    <ClCompile Include="..\..\7ze-src\CPP\7zip\Archive\7z\7zProperties.cpp">
      <Filter>Source Files\7Z_OBJS</Filter>
    </ClCompile>
    <ClCompile Include="..\..\7ze-src\CPP\7zip\Archive\7z\7zRegister.cpp">
      <Filter>Source Files\7Z_OBJS</Filter>
    </ClCompile>
    <ClCompile Include="..\..\7ze-src\CPP\7zip\Archive\7z\7zSpecStream.cpp">
      <Filter>Source Files\7Z_OBJS</Filter>
    </ClCompile>
    <ClCompile Include="..\..\7ze-src\CPP\7zip\Archive\7z\7zUpdate.cpp">
      <Filter>Source Files\7Z_OBJS</Filter>
    </ClCompile>
    <ClCompile Include="..\..\7ze-src\CPP\7zip\Archive\7ze\7zeCompressionMode.cpp">
      <Filter>Source Files\7ZE_OBJS</Filter>
    </ClCompile>
    <ClCompile Include="..\..\7ze-src\CPP\7zip\Archive\7ze\7zeDecode.cpp">
      <Filter>Source Files\7ZE_OBJS</Filter>
    </ClCompile>
    <ClCompile Include="..\..\7ze-src\CPP\7zip\Archive\7ze\7zeEncode.cpp">
      <Filter>Source Files\7ZE_OBJS</Filter>
    </ClCompile>
    <ClCompile Include="..\..\7ze-src\CPP\7zip\Archive\7ze\7zeExtract.cpp">
      <Filter>Source Files\7ZE_OBJS</Filter>
    </ClCompile>
    <ClCompile Include="..\..\7ze-src\CPP\7zip\Archive\7ze\7zeFolderInStream.cpp">
      <Filter>Source Files\7ZE_OBJS</Filter>
    </ClCompile>
    <ClCompile Include="..\..\7ze-src\CPP\7zip\Archive\7ze\7zeFolderOutStream.cpp">
      <Filter>Source Files\7ZE_OBJS</Filter>
    </ClCompile>
    <ClCompile Include="..\..\7ze-src\CPP\7zip\Archive\7ze\7zeGroup.cpp">
      <Filter>Source Files\7ZE_OBJS</Filter>
    </ClCompile>
    <ClCompile Include="..\..\7ze-src\CPP\7zip\Archive\7ze\7zeHandler.cpp">
      <Filter>Source Files\7ZE_OBJS</Filter>
    </ClCompile>
    <ClCompile Include="..\..\7ze-src\CPP\7zip\Archive\7ze\7zeHandlerOut.cpp">
      <Filter>Source Files\7ZE_OBJS</Filter>
    </ClCompile>
    <ClCompile Include="..\..\7ze-src\CPP\7zip\Archive\7ze\7zeHeader.cpp">
      <Filter>Source Files\7ZE_OBJS</Filter>
    </ClCompile>
    <ClCompile Include="..\..\7ze-src\CPP\7zip\Archive\7ze\7zeIn.cpp">
      <Filter>Source Files\7ZE_OBJS</Filter>
    </ClCompile>
    <ClCompile Include="..\..\7ze-src\CPP\7zip\Archive\7ze\7zeOut.cpp">
      <Filter>Source Files\7ZE_OBJS</Filter>
    </ClCompile>
    <ClCompile Include="..\..\7ze-src\CPP\7zip\Archive\7ze\7zeProperties.cpp">
      <Filter>Source Files\7ZE_OBJS</Filter>
    </ClCompile>
    <ClCompile Include="..\..\7ze-src\CPP\7zip\Archive\7ze\7zeRegister.cpp">
      <Filter>Source Files\7ZE_OBJS</Filter>
    </ClCompile>
    <ClCompile Include="..\..\7ze-src\CPP\7zip\Archive\7ze\7zeUpdate.cpp">
      <Filter>Source Files\7ZE_OBJS</Filter>
    </ClCompile>
    <ClCompile Include="..\..\7ze-src\CPP\7zip\Archive\Cab\CabBlockInStream.cpp">
      <Filter>Source Files\CAB_OBJS</Filter>
    </ClCompile>
    <ClCompile Include="..\..\7ze-src\CPP\7zip\Archive\Cab\CabHandler.cpp">
      <Filter>Source Files\CAB_OBJS</Filter>
    </ClCompile>
    <ClCompile Include="..\..\7ze-src\CPP\7zip\Archive\Cab\CabHeader.cpp">
      <Filter>Source Files\CAB_OBJS</Filter>
    </ClCompile>
    <ClCompile Include="..\..\7ze-src\CPP\7zip\Archive\Cab\CabIn.cpp">
      <Filter>Source Files\CAB_OBJS</Filter>
    </ClCompile>
    <ClCompile Include="..\..\7ze-src\CPP\7zip\Archive\Cab\CabRegister.cpp">
      <Filter>Source Files\CAB_OBJS</Filter>
    </ClCompile>
    <ClCompile Include="..\..\7ze-src\CPP\7zip\Archive\Chm\ChmHandler.cpp">
      <Filter>Source Files\CHM_OBJS</Filter>
    </ClCompile>
    <ClCompile Include="..\..\7ze-src\CPP\7zip\Archive\Chm\ChmIn.cpp">
      <Filter>Source Files\CHM_OBJS</Filter>
    </ClCompile>
    <ClCompile Include="..\..\7ze-src\CPP\7zip\Archive\Common\CoderMixer2.cpp">
      <Filter>Source Files\AR_COMMON_OBJS</Filter>
    </ClCompile>
    <ClCompile Include="..\..\7ze-src\CPP\7zip\Archive\Common\CrossThreadProgress.cpp">
      <Filter>Source Files\AR_COMMON_OBJS</Filter>
    </ClCompile>
    <ClCompile Include="..\..\7ze-src\CPP\7zip\Archive\Common\DummyOutStream.cpp">
      <Filter>Source Files\AR_COMMON_OBJS</Filter>
    </ClCompile>
    <ClCompile Include="..\..\7ze-src\CPP\7zip\Archive\Common\FindSignature.cpp">
      <Filter>Source Files\AR_COMMON_OBJS</Filter>
    </ClCompile>
    <ClCompile Include="..\..\7ze-src\CPP\7zip\Archive\Common\HandlerOut.cpp">
      <Filter>Source Files\AR_COMMON_OBJS</Filter>
    </ClCompile>
    <ClCompile Include="..\..\7ze-src\CPP\7zip\Archive\Common\InStreamWithCRC.cpp">
      <Filter>Source Files\AR_COMMON_OBJS</Filter>
    </ClCompile>
    <ClCompile Include="..\..\7ze-src\CPP\7zip\Archive\Common\ItemNameUtils.cpp">
      <Filter>Source Files\AR_COMMON_OBJS</Filter>
    </ClCompile>
    <ClCompile Include="..\..\7ze-src\CPP\7zip\Archive\Common\MultiStream.cpp">
      <Filter>Source Files\AR_COMMON_OBJS</Filter>
    </ClCompile>
    <ClCompile Include="..\..\7ze-src\CPP\7zip\Archive\Common\OutStreamWithCRC.cpp">
      <Filter>Source Files\AR_COMMON_OBJS</Filter>
    </ClCompile>
    <ClCompile Include="..\..\7ze-src\CPP\7zip\Archive\Common\OutStreamWithSha1.cpp">
      <Filter>Source Files\AR_COMMON_OBJS</Filter>
    </ClCompile>
    <ClCompile Include="..\..\7ze-src\CPP\7zip\Archive\Common\ParseProperties.cpp">
      <Filter>Source Files\AR_COMMON_OBJS</Filter>
    </ClCompile>
    <ClCompile Include="..\..\7ze-src\CPP\7zip\Archive\Iso\IsoHandler.cpp">
      <Filter>Source Files\ISO_OBJS</Filter>
    </ClCompile>
    <ClCompile Include="..\..\7ze-src\CPP\7zip\Archive\Iso\IsoHeader.cpp">
      <Filter>Source Files\ISO_OBJS</Filter>
    </ClCompile>
    <ClCompile Include="..\..\7ze-src\CPP\7zip\Archive\Iso\IsoIn.cpp">
      <Filter>Source Files\ISO_OBJS</Filter>
    </ClCompile>
    <ClCompile Include="..\..\7ze-src\CPP\7zip\Archive\Iso\IsoRegister.cpp">
      <Filter>Source Files\ISO_OBJS</Filter>
    </ClCompile>
    <ClCompile Include="..\..\7ze-src\CPP\7zip\Archive\Nsis\NsisDecode.cpp">
      <Filter>Source Files\NSIS_OBJS</Filter>
    </ClCompile>
    <ClCompile Include="..\..\7ze-src\CPP\7zip\Archive\Nsis\NsisHandler.cpp">
      <Filter>Source Files\NSIS_OBJS</Filter>
    </ClCompile>
    <ClCompile Include="..\..\7ze-src\CPP\7zip\Archive\Nsis\NsisIn.cpp">
      <Filter>Source Files\NSIS_OBJS</Filter>
    </ClCompile>
    <ClCompile Include="..\..\7ze-src\CPP\7zip\Archive\Nsis\NsisRegister.cpp">
      <Filter>Source Files\NSIS_OBJS</Filter>
    </ClCompile>
    <ClCompile Include="..\..\7ze-src\CPP\7zip\Archive\Rar\Rar5Handler.cpp">
      <Filter>Source Files\RAR_OBJS</Filter>
    </ClCompile>
    <ClCompile Include="..\..\7ze-src\CPP\7zip\Archive\Rar\RarHandler.cpp">
      <Filter>Source Files\RAR_OBJS</Filter>
    </ClCompile>
    <ClCompile Include="..\..\7ze-src\CPP\7zip\Archive\Tar\TarHandler.cpp">
      <Filter>Source Files\TAR_OBJS</Filter>
    </ClCompile>
    <ClCompile Include="..\..\7ze-src\CPP\7zip\Archive\Tar\TarHandlerOut.cpp">
      <Filter>Source Files\TAR_OBJS</Filter>
    </ClCompile>
    <ClCompile Include="..\..\7ze-src\CPP\7zip\Archive\Tar\TarHeader.cpp">
      <Filter>Source Files\TAR_OBJS</Filter>
    </ClCompile>
    <ClCompile Include="..\..\7ze-src\CPP\7zip\Archive\Tar\TarIn.cpp">
      <Filter>Source Files\TAR_OBJS</Filter>
    </ClCompile>
    <ClCompile Include="..\..\7ze-src\CPP\7zip\Archive\Tar\TarOut.cpp">
      <Filter>Source Files\TAR_OBJS</Filter>
    </ClCompile>
    <ClCompile Include="..\..\7ze-src\CPP\7zip\Archive\Tar\TarRegister.cpp">
      <Filter>Source Files\TAR_OBJS</Filter>
    </ClCompile>
    <ClCompile Include="..\..\7ze-src\CPP\7zip\Archive\Tar\TarUpdate.cpp">
      <Filter>Source Files\TAR_OBJS</Filter>
    </ClCompile>
    <ClCompile Include="..\..\7ze-src\CPP\7zip\Archive\Udf\UdfHandler.cpp">
      <Filter>Source Files\UDF_OBJS</Filter>
    </ClCompile>
    <ClCompile Include="..\..\7ze-src\CPP\7zip\Archive\Udf\UdfIn.cpp">
      <Filter>Source Files\UDF_OBJS</Filter>
    </ClCompile>
    <ClCompile Include="..\..\7ze-src\CPP\7zip\Archive\Wim\WimHandler.cpp">
      <Filter>Source Files\WIM_OBJS</Filter>
    </ClCompile>
    <ClCompile Include="..\..\7ze-src\CPP\7zip\Archive\Wim\WimHandlerOut.cpp">
      <Filter>Source Files\WIM_OBJS</Filter>
    </ClCompile>
    <ClCompile Include="..\..\7ze-src\CPP\7zip\Archive\Wim\WimIn.cpp">
      <Filter>Source Files\WIM_OBJS</Filter>
    </ClCompile>
    <ClCompile Include="..\..\7ze-src\CPP\7zip\Archive\Wim\WimRegister.cpp">
      <Filter>Source Files\WIM_OBJS</Filter>
    </ClCompile>
    <ClCompile Include="..\..\7ze-src\CPP\7zip\Archive\Zip\ZipAddCommon.cpp">
      <Filter>Source Files\ZIP_OBJS</Filter>
    </ClCompile>
    <ClCompile Include="..\..\7ze-src\CPP\7zip\Archive\Zip\ZipHandler.cpp">
      <Filter>Source Files\ZIP_OBJS</Filter>
    </ClCompile>
    <ClCompile Include="..\..\7ze-src\CPP\7zip\Archive\Zip\ZipHandlerOut.cpp">
      <Filter>Source Files\ZIP_OBJS</Filter>
    </ClCompile>
    <ClCompile Include="..\..\7ze-src\CPP\7zip\Archive\Zip\ZipIn.cpp">
      <Filter>Source Files\ZIP_OBJS</Filter>
    </ClCompile>
    <ClCompile Include="..\..\7ze-src\CPP\7zip\Archive\Zip\ZipItem.cpp">
      <Filter>Source Files\ZIP_OBJS</Filter>
    </ClCompile>
    <ClCompile Include="..\..\7ze-src\CPP\7zip\Archive\Zip\ZipOut.cpp">
      <Filter>Source Files\ZIP_OBJS</Filter>
    </ClCompile>
    <ClCompile Include="..\..\7ze-src\CPP\7zip\Archive\Zip\ZipRegister.cpp">
      <Filter>Source Files\ZIP_OBJS</Filter>
    </ClCompile>
    <ClCompile Include="..\..\7ze-src\CPP\7zip\Archive\Zip\ZipUpdate.cpp">
      <Filter>Source Files\ZIP_OBJS</Filter>
    </ClCompile>
    <ClCompile Include="..\..\7ze-src\CPP\7zip\Common\CreateCoder.cpp">
      <Filter>Source Files\7ZIP_COMMON_OBJS</Filter>
    </ClCompile>
    <ClCompile Include="..\..\7ze-src\CPP\7zip\Common\CWrappers.cpp">
      <Filter>Source Files\7ZIP_COMMON_OBJS</Filter>
    </ClCompile>
    <ClCompile Include="..\..\7ze-src\CPP\7zip\Common\FilePathAutoRename.cpp">
      <Filter>Source Files\7ZIP_COMMON_OBJS</Filter>
    </ClCompile>
    <ClCompile Include="..\..\7ze-src\CPP\7zip\Common\FileStreams.cpp">
      <Filter>Source Files\7ZIP_COMMON_OBJS</Filter>
    </ClCompile>
    <ClCompile Include="..\..\7ze-src\CPP\7zip\Common\FilterCoder.cpp">
      <Filter>Source Files\7ZIP_COMMON_OBJS</Filter>
    </ClCompile>
    <ClCompile Include="..\..\7ze-src\CPP\7zip\Common\InBuffer.cpp">
      <Filter>Source Files\7ZIP_COMMON_OBJS</Filter>
    </ClCompile>
    <ClCompile Include="..\..\7ze-src\CPP\7zip\Common\InOutTempBuffer.cpp">
      <Filter>Source Files\7ZIP_COMMON_OBJS</Filter>
    </ClCompile>
    <ClCompile Include="..\..\7ze-src\CPP\7zip\Common\LimitedStreams.cpp">
      <Filter>Source Files\7ZIP_COMMON_OBJS</Filter>
    </ClCompile>
    <ClCompile Include="..\..\7ze-src\CPP\7zip\Common\LockedStream.cpp">
      <Filter>Source Files\7ZIP_COMMON_OBJS</Filter>
    </ClCompile>
    <ClCompile Include="..\..\7ze-src\CPP\7zip\Common\MemBlocks.cpp">
      <Filter>Source Files\7ZIP_COMMON_OBJS</Filter>
    </ClCompile>
    <ClCompile Include="..\..\7ze-src\CPP\7zip\Common\MethodId.cpp">
      <Filter>Source Files\7ZIP_COMMON_OBJS</Filter>
    </ClCompile>
    <ClCompile Include="..\..\7ze-src\CPP\7zip\Common\MethodProps.cpp">
      <Filter>Source Files\7ZIP_COMMON_OBJS</Filter>
    </ClCompile>
    <ClCompile Include="..\..\7ze-src\CPP\7zip\Common\OffsetStream.cpp">
      <Filter>Source Files\7ZIP_COMMON_OBJS</Filter>
    </ClCompile>
    <ClCompile Include="..\..\7ze-src\CPP\7zip\Common\OutBuffer.cpp">
      <Filter>Source Files\7ZIP_COMMON_OBJS</Filter>
    </ClCompile>
    <ClCompile Include="..\..\7ze-src\CPP\7zip\Common\OutMemStream.cpp">
      <Filter>Source Files\7ZIP_COMMON_OBJS</Filter>
    </ClCompile>
    <ClCompile Include="..\..\7ze-src\CPP\7zip\Common\ProgressMt.cpp">
      <Filter>Source Files\7ZIP_COMMON_OBJS</Filter>
    </ClCompile>
    <ClCompile Include="..\..\7ze-src\CPP\7zip\Common\ProgressUtils.cpp">
      <Filter>Source Files\7ZIP_COMMON_OBJS</Filter>
    </ClCompile>
    <ClCompile Include="..\..\7ze-src\CPP\7zip\Common\PropId.cpp">
      <Filter>Source Files\7ZIP_COMMON_OBJS</Filter>
    </ClCompile>
    <ClCompile Include="..\..\7ze-src\CPP\7zip\Common\StreamBinder.cpp">
      <Filter>Source Files\7ZIP_COMMON_OBJS</Filter>
    </ClCompile>
    <ClCompile Include="..\..\7ze-src\CPP\7zip\Common\StreamObjects.cpp">
      <Filter>Source Files\7ZIP_COMMON_OBJS</Filter>
    </ClCompile>
    <ClCompile Include="..\..\7ze-src\CPP\7zip\Common\StreamUtils.cpp">
      <Filter>Source Files\7ZIP_COMMON_OBJS</Filter>
    </ClCompile>
    <ClCompile Include="..\..\7ze-src\CPP\7zip\Common\UniqBlocks.cpp">
      <Filter>Source Files\7ZIP_COMMON_OBJS</Filter>
    </ClCompile>
    <ClCompile Include="..\..\7ze-src\CPP\7zip\Common\VirtThread.cpp">
      <Filter>Source Files\7ZIP_COMMON_OBJS</Filter>
    </ClCompile>
    <ClCompile Include="..\..\7ze-src\CPP\7zip\Compress\Bcj2Coder.cpp">
      <Filter>Source Files\COMPRESS_OBJS</Filter>
    </ClCompile>
    <ClCompile Include="..\..\7ze-src\CPP\7zip\Compress\Bcj2Register.cpp">
      <Filter>Source Files\COMPRESS_OBJS</Filter>
    </ClCompile>
    <ClCompile Include="..\..\7ze-src\CPP\7zip\Compress\BcjCoder.cpp">
      <Filter>Source Files\COMPRESS_OBJS</Filter>
    </ClCompile>
    <ClCompile Include="..\..\7ze-src\CPP\7zip\Compress\BcjRegister.cpp">
      <Filter>Source Files\COMPRESS_OBJS</Filter>
    </ClCompile>
    <ClCompile Include="..\..\7ze-src\CPP\7zip\Compress\BitlDecoder.cpp">
      <Filter>Source Files\COMPRESS_OBJS</Filter>
    </ClCompile>
    <ClCompile Include="..\..\7ze-src\CPP\7zip\Compress\BranchMisc.cpp">
      <Filter>Source Files\COMPRESS_OBJS</Filter>
    </ClCompile>
    <ClCompile Include="..\..\7ze-src\CPP\7zip\Compress\BranchRegister.cpp">
      <Filter>Source Files\COMPRESS_OBJS</Filter>
    </ClCompile>
    <ClCompile Include="..\..\7ze-src\CPP\7zip\Compress\ByteSwap.cpp">
      <Filter>Source Files\COMPRESS_OBJS</Filter>
    </ClCompile>
    <ClCompile Include="..\..\7ze-src\CPP\7zip\Compress\BZip2Crc.cpp">
      <Filter>Source Files\COMPRESS_OBJS</Filter>
    </ClCompile>
    <ClCompile Include="..\..\7ze-src\CPP\7zip\Compress\BZip2Decoder.cpp">
      <Filter>Source Files\COMPRESS_OBJS</Filter>
    </ClCompile>
    <ClCompile Include="..\..\7ze-src\CPP\7zip\Compress\BZip2Encoder.cpp">
      <Filter>Source Files\COMPRESS_OBJS</Filter>
    </ClCompile>
    <ClCompile Include="..\..\7ze-src\CPP\7zip\Compress\BZip2Register.cpp">
      <Filter>Source Files\COMPRESS_OBJS</Filter>
    </ClCompile>
    <ClCompile Include="..\..\7ze-src\CPP\7zip\Compress\CopyCoder.cpp">
      <Filter>Source Files\COMPRESS_OBJS</Filter>
    </ClCompile>
    <ClCompile Include="..\..\7ze-src\CPP\7zip\Compress\CopyRegister.cpp">
      <Filter>Source Files\COMPRESS_OBJS</Filter>
    </ClCompile>
    <ClCompile Include="..\..\7ze-src\CPP\7zip\Compress\Csc32Decoder.cpp">
      <Filter>Source Files\COMPRESS_OBJS</Filter>
    </ClCompile>
    <ClCompile Include="..\..\7ze-src\CPP\7zip\Compress\Csc32Encoder.cpp">
      <Filter>Source Files\COMPRESS_OBJS</Filter>
    </ClCompile>
    <ClCompile Include="..\..\7ze-src\CPP\7zip\Compress\Csc32Register.cpp">
      <Filter>Source Files\COMPRESS_OBJS</Filter>
    </ClCompile>
    <ClCompile Include="..\..\7ze-src\CPP\7zip\Compress\Deflate64Register.cpp">
      <Filter>Source Files\COMPRESS_OBJS</Filter>
    </ClCompile>
    <ClCompile Include="..\..\7ze-src\CPP\7zip\Compress\DeflateDecoder.cpp">
      <Filter>Source Files\COMPRESS_OBJS</Filter>
    </ClCompile>
    <ClCompile Include="..\..\7ze-src\CPP\7zip\Compress\DeflateEncoder.cpp">
      <Filter>Source Files\COMPRESS_OBJS</Filter>
    </ClCompile>
    <ClCompile Include="..\..\7ze-src\CPP\7zip\Compress\DeflateRegister.cpp">
      <Filter>Source Files\COMPRESS_OBJS</Filter>
    </ClCompile>
    <ClCompile Include="..\..\7ze-src\CPP\7zip\Compress\DeltaFilter.cpp">
      <Filter>Source Files\COMPRESS_OBJS</Filter>
    </ClCompile>
    <ClCompile Include="..\..\7ze-src\CPP\7zip\Compress\ImplodeDecoder.cpp">
      <Filter>Source Files\COMPRESS_OBJS</Filter>
    </ClCompile>
    <ClCompile Include="..\..\7ze-src\CPP\7zip\Compress\ImplodeHuffmanDecoder.cpp">
      <Filter>Source Files\COMPRESS_OBJS</Filter>
    </ClCompile>
    <ClCompile Include="..\..\7ze-src\CPP\7zip\Compress\LibbscDecoder.cpp">
      <Filter>Source Files\COMPRESS_OBJS</Filter>
    </ClCompile>
    <ClCompile Include="..\..\7ze-src\CPP\7zip\Compress\LibbscEncoder.cpp">
      <Filter>Source Files\COMPRESS_OBJS</Filter>
    </ClCompile>
    <ClCompile Include="..\..\7ze-src\CPP\7zip\Compress\LibbscRegister.cpp">
      <Filter>Source Files\COMPRESS_OBJS</Filter>
    </ClCompile>
    <ClCompile Include="..\..\7ze-src\CPP\7zip\Compress\LzhDecoder.cpp">
      <Filter>Source Files\COMPRESS_OBJS</Filter>
    </ClCompile>
    <ClCompile Include="..\..\7ze-src\CPP\7zip\Compress\Lzma2Decoder.cpp">
      <Filter>Source Files\COMPRESS_OBJS</Filter>
    </ClCompile>
    <ClCompile Include="..\..\7ze-src\CPP\7zip\Compress\Lzma2Encoder.cpp">
      <Filter>Source Files\COMPRESS_OBJS</Filter>
    </ClCompile>
    <ClCompile Include="..\..\7ze-src\CPP\7zip\Compress\Lzma2Register.cpp">
      <Filter>Source Files\COMPRESS_OBJS</Filter>
    </ClCompile>
    <ClCompile Include="..\..\7ze-src\CPP\7zip\Compress\LzmaDecoder.cpp">
      <Filter>Source Files\COMPRESS_OBJS</Filter>
    </ClCompile>
    <ClCompile Include="..\..\7ze-src\CPP\7zip\Compress\LzmaEncoder.cpp">
      <Filter>Source Files\COMPRESS_OBJS</Filter>
    </ClCompile>
    <ClCompile Include="..\..\7ze-src\CPP\7zip\Compress\LzmaRegister.cpp">
      <Filter>Source Files\COMPRESS_OBJS</Filter>
    </ClCompile>
    <ClCompile Include="..\..\7ze-src\CPP\7zip\Compress\LzmsDecoder.cpp">
      <Filter>Source Files\COMPRESS_OBJS</Filter>
    </ClCompile>
    <ClCompile Include="..\..\7ze-src\CPP\7zip\Compress\LzOutWindow.cpp">
      <Filter>Source Files\COMPRESS_OBJS</Filter>
    </ClCompile>
    <ClCompile Include="..\..\7ze-src\CPP\7zip\Compress\Lzx86Converter.cpp">
      <Filter>Source Files\COMPRESS_OBJS</Filter>
    </ClCompile>
    <ClCompile Include="..\..\7ze-src\CPP\7zip\Compress\LzxDecoder.cpp">
      <Filter>Source Files\COMPRESS_OBJS</Filter>
    </ClCompile>
    <ClCompile Include="..\..\7ze-src\CPP\7zip\Compress\Packmp3Decoder.cpp">
      <Filter>Source Files\COMPRESS_OBJS</Filter>
    </ClCompile>
    <ClCompile Include="..\..\7ze-src\CPP\7zip\Compress\Packmp3Encoder.cpp">
      <Filter>Source Files\COMPRESS_OBJS</Filter>
    </ClCompile>
    <ClCompile Include="..\..\7ze-src\CPP\7zip\Compress\Packmp3Register.cpp">
      <Filter>Source Files\COMPRESS_OBJS</Filter>
    </ClCompile>
    <ClCompile Include="..\..\7ze-src\CPP\7zip\Compress\PpmdDecoder.cpp">
      <Filter>Source Files\COMPRESS_OBJS</Filter>
    </ClCompile>
    <ClCompile Include="..\..\7ze-src\CPP\7zip\Compress\PpmdEncoder.cpp">
      <Filter>Source Files\COMPRESS_OBJS</Filter>
    </ClCompile>
    <ClCompile Include="..\..\7ze-src\CPP\7zip\Compress\PpmdRegister.cpp">
      <Filter>Source Files\COMPRESS_OBJS</Filter>
    </ClCompile>
    <ClCompile Include="..\..\7ze-src\CPP\7zip\Compress\PpmdZip.cpp">
      <Filter>Source Files\COMPRESS_OBJS</Filter>
    </ClCompile>
    <ClCompile Include="..\..\7ze-src\CPP\7zip\Compress\QuantumDecoder.cpp">
      <Filter>Source Files\COMPRESS_OBJS</Filter>
    </ClCompile>
    <ClCompile Include="..\..\7ze-src\CPP\7zip\Compress\Rar1Decoder.cpp">
      <Filter>Source Files\COMPRESS_OBJS</Filter>
    </ClCompile>
    <ClCompile Include="..\..\7ze-src\CPP\7zip\Compress\Rar2Decoder.cpp">
      <Filter>Source Files\COMPRESS_OBJS</Filter>
    </ClCompile>
    <ClCompile Include="..\..\7ze-src\CPP\7zip\Compress\Rar3Decoder.cpp">
      <Filter>Source Files\COMPRESS_OBJS</Filter>
    </ClCompile>
    <ClCompile Include="..\..\7ze-src\CPP\7zip\Compress\Rar3Vm.cpp">
      <Filter>Source Files\COMPRESS_OBJS</Filter>
    </ClCompile>
    <ClCompile Include="..\..\7ze-src\CPP\7zip\Compress\Rar5Decoder.cpp">
      <Filter>Source Files\COMPRESS_OBJS</Filter>
    </ClCompile>
    <ClCompile Include="..\..\7ze-src\CPP\7zip\Compress\RarCodecsRegister.cpp">
      <Filter>Source Files\COMPRESS_OBJS</Filter>
    </ClCompile>
    <ClCompile Include="..\..\7ze-src\CPP\7zip\Compress\ShrinkDecoder.cpp">
      <Filter>Source Files\COMPRESS_OBJS</Filter>
    </ClCompile>
    <ClCompile Include="..\..\7ze-src\CPP\7zip\Compress\XpressDecoder.cpp">
      <Filter>Source Files\COMPRESS_OBJS</Filter>
    </ClCompile>
    <ClCompile Include="..\..\7ze-src\CPP\7zip\Compress\ZlibDecoder.cpp">
      <Filter>Source Files\COMPRESS_OBJS</Filter>
    </ClCompile>
    <ClCompile Include="..\..\7ze-src\CPP\7zip\Compress\ZlibEncoder.cpp">
      <Filter>Source Files\COMPRESS_OBJS</Filter>
    </ClCompile>
    <ClCompile Include="..\..\7ze-src\CPP\7zip\Compress\ZDecoder.cpp">
      <Filter>Source Files\COMPRESS_OBJS</Filter>
    </ClCompile>
    <ClCompile Include="..\..\7ze-src\CPP\7zip\Compress\csc32\csc32Analyzer.cpp">
      <Filter>Source Files\COMPRESS_OBJS\CSC32_OBJS</Filter>
    </ClCompile>
    <ClCompile Include="..\..\7ze-src\CPP\7zip\Compress\csc32\csc32CCsc.cpp">
      <Filter>Source Files\COMPRESS_OBJS\CSC32_OBJS</Filter>
    </ClCompile>
    <ClCompile Include="..\..\7ze-src\CPP\7zip\Compress\csc32\csc32Coder.cpp">
      <Filter>Source Files\COMPRESS_OBJS\CSC32_OBJS</Filter>
    </ClCompile>
    <ClCompile Include="..\..\7ze-src\CPP\7zip\Compress\csc32\csc32Crc32.cpp">
      <Filter>Source Files\COMPRESS_OBJS\CSC32_OBJS</Filter>
    </ClCompile>
    <ClCompile Include="..\..\7ze-src\CPP\7zip\Compress\csc32\csc32FakeEncode.cpp">
      <Filter>Source Files\COMPRESS_OBJS\CSC32_OBJS</Filter>
    </ClCompile>
    <ClCompile Include="..\..\7ze-src\CPP\7zip\Compress\csc32\csc32Filters.cpp">
      <Filter>Source Files\COMPRESS_OBJS\CSC32_OBJS</Filter>
    </ClCompile>
    <ClCompile Include="..\..\7ze-src\CPP\7zip\Compress\csc32\csc32IOCallback.cpp">
      <Filter>Source Files\COMPRESS_OBJS\CSC32_OBJS</Filter>
    </ClCompile>
    <ClCompile Include="..\..\7ze-src\CPP\7zip\Compress\csc32\csc32LZ.cpp">
      <Filter>Source Files\COMPRESS_OBJS\CSC32_OBJS</Filter>
    </ClCompile>
    <ClCompile Include="..\..\7ze-src\CPP\7zip\Compress\csc32\csc32Model.cpp">
      <Filter>Source Files\COMPRESS_OBJS\CSC32_OBJS</Filter>
    </ClCompile>
    <ClCompile Include="..\..\7ze-src\CPP\7zip\Compress\csc32\csc32NewLZ77.cpp">
      <Filter>Source Files\COMPRESS_OBJS\CSC32_OBJS</Filter>
    </ClCompile>
    <ClCompile Include="..\..\7ze-src\CPP\7zip\Compress\csc32\csc32PackedFile.cpp">
      <Filter>Source Files\COMPRESS_OBJS\CSC32_OBJS</Filter>
    </ClCompile>
    <ClCompile Include="..\..\7ze-src\CPP\7zip\Compress\libbsc\adler32.cpp">
      <Filter>Source Files\COMPRESS_OBJS\LIBBSC_OBJS</Filter>
    </ClCompile>
    <ClCompile Include="..\..\7ze-src\CPP\7zip\Compress\libbsc\bwt.cpp">
      <Filter>Source Files\COMPRESS_OBJS\LIBBSC_OBJS</Filter>
    </ClCompile>
    <ClCompile Include="..\..\7ze-src\CPP\7zip\Compress\libbsc\coder.cpp">
      <Filter>Source Files\COMPRESS_OBJS\LIBBSC_OBJS</Filter>
    </ClCompile>
    <ClCompile Include="..\..\7ze-src\CPP\7zip\Compress\libbsc\detectors.cpp">
      <Filter>Source Files\COMPRESS_OBJS\LIBBSC_OBJS</Filter>
    </ClCompile>
    <ClCompile Include="..\..\7ze-src\CPP\7zip\Compress\libbsc\divsufsort.cpp">
      <Filter>Source Files\COMPRESS_OBJS\LIBBSC_OBJS</Filter>
    </ClCompile>
    <ClCompile Include="..\..\7ze-src\CPP\7zip\Compress\libbsc\libbsc.cpp">
      <Filter>Source Files\COMPRESS_OBJS\LIBBSC_OBJS</Filter>
    </ClCompile>
    <ClCompile Include="..\..\7ze-src\CPP\7zip\Compress\libbsc\lzp.cpp">
      <Filter>Source Files\COMPRESS_OBJS\LIBBSC_OBJS</Filter>
    </ClCompile>
    <ClCompile Include="..\..\7ze-src\CPP\7zip\Compress\libbsc\platform.cpp">
      <Filter>Source Files\COMPRESS_OBJS\LIBBSC_OBJS</Filter>
    </ClCompile>
    <ClCompile Include="..\..\7ze-src\CPP\7zip\Compress\libbsc\preprocessing.cpp">
      <Filter>Source Files\COMPRESS_OBJS\LIBBSC_OBJS</Filter>
    </ClCompile>
    <ClCompile Include="..\..\7ze-src\CPP\7zip\Compress\libbsc\qlfc.cpp">
      <Filter>Source Files\COMPRESS_OBJS\LIBBSC_OBJS</Filter>
    </ClCompile>
    <ClCompile Include="..\..\7ze-src\CPP\7zip\Compress\libbsc\qlfc_model.cpp">
      <Filter>Source Files\COMPRESS_OBJS\LIBBSC_OBJS</Filter>
    </ClCompile>
    <ClCompile Include="..\..\7ze-src\CPP\7zip\Compress\libbsc\st.cpp">
      <Filter>Source Files\COMPRESS_OBJS\LIBBSC_OBJS</Filter>
    </ClCompile>
    <ClCompile Include="..\..\7ze-src\CPP\7zip\Compress\packjpg\aricoder.cpp">
      <Filter>Source Files\COMPRESS_OBJS\PACKJPG_OBJS</Filter>
    </ClCompile>
    <ClCompile Include="..\..\7ze-src\CPP\7zip\Compress\packjpg\bitops.cpp">
      <Filter>Source Files\COMPRESS_OBJS\PACKJPG_OBJS</Filter>
    </ClCompile>
    <ClCompile Include="..\..\7ze-src\CPP\7zip\Compress\packjpg\huffmp3.cpp">
      <Filter>Source Files\COMPRESS_OBJS\PACKJPG_OBJS</Filter>
    </ClCompile>
    <ClCompile Include="..\..\7ze-src\CPP\7zip\Compress\packjpg\packmp3.cpp">
      <Filter>Source Files\COMPRESS_OBJS\PACKJPG_OBJS</Filter>
    </ClCompile>
    <ClCompile Include="..\..\7ze-src\CPP\7zip\Crypto\7zAes.cpp">
      <Filter>Source Files\CRYPTO_OBJS</Filter>
    </ClCompile>
    <ClCompile Include="..\..\7ze-src\CPP\7zip\Crypto\7zAesRegister.cpp">
      <Filter>Source Files\CRYPTO_OBJS</Filter>
    </ClCompile>
    <ClCompile Include="..\..\7ze-src\CPP\7zip\Crypto\HmacSha1.cpp">
      <Filter>Source Files\CRYPTO_OBJS</Filter>
    </ClCompile>
    <ClCompile Include="..\..\7ze-src\CPP\7zip\Crypto\HmacSha256.cpp">
      <Filter>Source Files\CRYPTO_OBJS</Filter>
    </ClCompile>
    <ClCompile Include="..\..\7ze-src\CPP\7zip\Crypto\MyAes.cpp">
      <Filter>Source Files\CRYPTO_OBJS</Filter>
    </ClCompile>
    <ClCompile Include="..\..\7ze-src\CPP\7zip\Crypto\MyAesReg.cpp">
      <Filter>Source Files\CRYPTO_OBJS</Filter>
    </ClCompile>
    <ClCompile Include="..\..\7ze-src\CPP\7zip\Crypto\Pbkdf2HmacSha1.cpp">
      <Filter>Source Files\CRYPTO_OBJS</Filter>
    </ClCompile>
    <ClCompile Include="..\..\7ze-src\CPP\7zip\Crypto\RandGen.cpp">
      <Filter>Source Files\CRYPTO_OBJS</Filter>
    </ClCompile>
    <ClCompile Include="..\..\7ze-src\CPP\7zip\Crypto\Rar5Aes.cpp">
      <Filter>Source Files\CRYPTO_OBJS</Filter>
    </ClCompile>
    <ClCompile Include="..\..\7ze-src\CPP\7zip\Crypto\Rar20Crypto.cpp">
      <Filter>Source Files\CRYPTO_OBJS</Filter>
    </ClCompile>
    <ClCompile Include="..\..\7ze-src\CPP\7zip\Crypto\RarAes.cpp">
      <Filter>Source Files\CRYPTO_OBJS</Filter>
    </ClCompile>
    <ClCompile Include="..\..\7ze-src\CPP\7zip\Crypto\WzAes.cpp">
      <Filter>Source Files\CRYPTO_OBJS</Filter>
    </ClCompile>
    <ClCompile Include="..\..\7ze-src\CPP\7zip\Crypto\ZipCrypto.cpp">
      <Filter>Source Files\CRYPTO_OBJS</Filter>
    </ClCompile>
    <ClCompile Include="..\..\7ze-src\CPP\7zip\Crypto\ZipStrong.cpp">
      <Filter>Source Files\CRYPTO_OBJS</Filter>
    </ClCompile>
    <ClCompile Include="..\..\7ze-src\CPP\7zip\UI\Agent\Agent.cpp">
      <Filter>Source Files\AGENT_OBJS</Filter>
    </ClCompile>
    <ClCompile Include="..\..\7ze-src\CPP\7zip\UI\Agent\AgentOut.cpp">
      <Filter>Source Files\AGENT_OBJS</Filter>
    </ClCompile>
    <ClCompile Include="..\..\7ze-src\CPP\7zip\UI\Agent\AgentProxy.cpp">
      <Filter>Source Files\AGENT_OBJS</Filter>
    </ClCompile>
    <ClCompile Include="..\..\7ze-src\CPP\7zip\UI\Agent\ArchiveFolder.cpp">
      <Filter>Source Files\AGENT_OBJS</Filter>
    </ClCompile>
    <ClCompile Include="..\..\7ze-src\CPP\7zip\UI\Agent\ArchiveFolderOpen.cpp">
      <Filter>Source Files\AGENT_OBJS</Filter>
    </ClCompile>
    <ClCompile Include="..\..\7ze-src\CPP\7zip\UI\Agent\ArchiveFolderOut.cpp">
      <Filter>Source Files\AGENT_OBJS</Filter>
    </ClCompile>
    <ClCompile Include="..\..\7ze-src\CPP\7zip\UI\Agent\UpdateCallbackAgent.cpp">
      <Filter>Source Files\AGENT_OBJS</Filter>
    </ClCompile>
    <ClCompile Include="..\..\7ze-src\CPP\7zip\UI\Common\ArchiveCommandLine.cpp">
      <Filter>Source Files\UI_COMMON_OBJS</Filter>
    </ClCompile>
    <ClCompile Include="..\..\7ze-src\CPP\7zip\UI\Common\ArchiveExtractCallback.cpp">
      <Filter>Source Files\UI_COMMON_OBJS</Filter>
    </ClCompile>
    <ClCompile Include="..\..\7ze-src\CPP\7zip\UI\Common\ArchiveName.cpp">
      <Filter>Source Files\UI_COMMON_OBJS</Filter>
    </ClCompile>
    <ClCompile Include="..\..\7ze-src\CPP\7zip\UI\Common\ArchiveOpenCallback.cpp">
      <Filter>Source Files\UI_COMMON_OBJS</Filter>
    </ClCompile>
    <ClCompile Include="..\..\7ze-src\CPP\7zip\UI\Common\DefaultName.cpp">
      <Filter>Source Files\UI_COMMON_OBJS</Filter>
    </ClCompile>
    <ClCompile Include="..\..\7ze-src\CPP\7zip\UI\Common\EnumDirItems.cpp">
      <Filter>Source Files\UI_COMMON_OBJS</Filter>
    </ClCompile>
    <ClCompile Include="..\..\7ze-src\CPP\7zip\UI\Common\Extract.cpp">
      <Filter>Source Files\UI_COMMON_OBJS</Filter>
    </ClCompile>
    <ClCompile Include="..\..\7ze-src\CPP\7zip\UI\Common\ExtractingFilePath.cpp">
      <Filter>Source Files\UI_COMMON_OBJS</Filter>
    </ClCompile>
    <ClCompile Include="..\..\7ze-src\CPP\7zip\UI\Common\HashCalc.cpp">
      <Filter>Source Files\UI_COMMON_OBJS</Filter>
    </ClCompile>
    <ClCompile Include="..\..\7ze-src\CPP\7zip\UI\Common\OpenArchive.cpp">
      <Filter>Source Files\UI_COMMON_OBJS</Filter>
    </ClCompile>
    <ClCompile Include="..\..\7ze-src\CPP\7zip\UI\Common\PropIDUtils.cpp">
      <Filter>Source Files\UI_COMMON_OBJS</Filter>
    </ClCompile>
    <ClCompile Include="..\..\7ze-src\CPP\7zip\UI\Common\SetProperties.cpp">
      <Filter>Source Files\UI_COMMON_OBJS</Filter>
    </ClCompile>
    <ClCompile Include="..\..\7ze-src\CPP\7zip\UI\Common\SortUtils.cpp">
      <Filter>Source Files\UI_COMMON_OBJS</Filter>
    </ClCompile>
    <ClCompile Include="..\..\7ze-src\CPP\7zip\UI\Common\TempFiles.cpp">
      <Filter>Source Files\UI_COMMON_OBJS</Filter>
    </ClCompile>
    <ClCompile Include="..\..\7ze-src\CPP\7zip\UI\Common\Update.cpp">
      <Filter>Source Files\UI_COMMON_OBJS</Filter>
    </ClCompile>
    <ClCompile Include="..\..\7ze-src\CPP\7zip\UI\Common\UpdateAction.cpp">
      <Filter>Source Files\UI_COMMON_OBJS</Filter>
    </ClCompile>
    <ClCompile Include="..\..\7ze-src\CPP\7zip\UI\Common\UpdateCallback.cpp">
      <Filter>Source Files\UI_COMMON_OBJS</Filter>
    </ClCompile>
    <ClCompile Include="..\..\7ze-src\CPP\7zip\UI\Common\UpdatePair.cpp">
      <Filter>Source Files\UI_COMMON_OBJS</Filter>
    </ClCompile>
    <ClCompile Include="..\..\7ze-src\CPP\7zip\UI\Common\UpdateProduce.cpp">
      <Filter>Source Files\UI_COMMON_OBJS</Filter>
    </ClCompile>
    <ClCompile Include="..\..\7ze-src\CPP\7zip\UI\Common\WorkDir.cpp">
      <Filter>Source Files\UI_COMMON_OBJS</Filter>
    </ClCompile>
    <ClCompile Include="..\..\7ze-src\CPP\7zip\UI\Common\ZipRegistry.cpp">
      <Filter>Source Files\UI_COMMON_OBJS</Filter>
    </ClCompile>
    <ClCompile Include="..\..\7ze-src\CPP\Common\CommandLineParser.cpp">
      <Filter>Source Files\COMMON_OBJS</Filter>
    </ClCompile>
    <ClCompile Include="..\..\7ze-src\CPP\7zip\UI\ExplorerE\ContextMenu.cpp">
      <Filter>Source Files\UI_EXPLORER_OBJS</Filter>
    </ClCompile>
    <ClCompile Include="..\..\7ze-src\CPP\7zip\UI\ExplorerE\MyMessages.cpp">
      <Filter>Source Files\UI_EXPLORER_OBJS</Filter>
    </ClCompile>
    <ClCompile Include="..\..\7ze-src\CPP\7zip\UI\ExplorerE\RegistryContextMenu.cpp">
      <Filter>Source Files\UI_EXPLORER_OBJS</Filter>
    </ClCompile>
    <ClCompile Include="..\..\7ze-src\CPP\Common\CRC.cpp">
      <Filter>Source Files\COMMON_OBJS</Filter>
    </ClCompile>
    <ClCompile Include="..\..\7ze-src\CPP\Common\CrcReg.cpp">
      <Filter>Source Files\COMMON_OBJS</Filter>
    </ClCompile>
    <ClCompile Include="..\..\7ze-src\CPP\Common\DynLimBuf.cpp">
      <Filter>Source Files\COMMON_OBJS</Filter>
    </ClCompile>
    <ClCompile Include="..\..\7ze-src\CPP\Common\IntToString.cpp">
      <Filter>Source Files\COMMON_OBJS</Filter>
    </ClCompile>
    <ClCompile Include="..\..\7ze-src\CPP\Common\Lang.cpp">
      <Filter>Source Files\COMMON_OBJS</Filter>
    </ClCompile>
    <ClCompile Include="..\..\7ze-src\CPP\Common\MyMap.cpp">
      <Filter>Source Files\COMMON_OBJS</Filter>
    </ClCompile>
    <ClCompile Include="..\..\7ze-src\CPP\Common\MyString.cpp">
      <Filter>Source Files\COMMON_OBJS</Filter>
    </ClCompile>
    <ClCompile Include="..\..\7ze-src\CPP\Common\MyXml.cpp">
      <Filter>Source Files\COMMON_OBJS</Filter>
    </ClCompile>
    <ClCompile Include="..\..\7ze-src\CPP\Common\ListFileUtils.cpp">
      <Filter>Source Files\COMMON_OBJS</Filter>
    </ClCompile>
    <ClCompile Include="..\..\7ze-src\CPP\Common\Random.cpp">
      <Filter>Source Files\COMMON_OBJS</Filter>
    </ClCompile>
    <ClCompile Include="..\..\7ze-src\CPP\Common\Sha1Reg.cpp">
      <Filter>Source Files\COMMON_OBJS</Filter>
    </ClCompile>
    <ClCompile Include="..\..\7ze-src\CPP\Common\StringConvert.cpp">
      <Filter>Source Files\COMMON_OBJS</Filter>
    </ClCompile>
    <ClCompile Include="..\..\7ze-src\CPP\Common\StringToInt.cpp">
      <Filter>Source Files\COMMON_OBJS</Filter>
    </ClCompile>
    <ClCompile Include="..\..\7ze-src\CPP\Common\UTFConvert.cpp">
      <Filter>Source Files\COMMON_OBJS</Filter>
    </ClCompile>
    <ClCompile Include="..\..\7ze-src\CPP\Common\Wildcard.cpp">
      <Filter>Source Files\COMMON_OBJS</Filter>
    </ClCompile>
    <ClCompile Include="..\..\7ze-src\CPP\Windows\Clipboard.cpp">
      <Filter>Source Files\WIN_OBJS</Filter>
    </ClCompile>
    <ClCompile Include="..\..\7ze-src\CPP\Windows\CommonDialog.cpp">
      <Filter>Source Files\WIN_OBJS</Filter>
    </ClCompile>
    <ClCompile Include="..\..\7ze-src\CPP\Windows\DLL.cpp">
      <Filter>Source Files\WIN_OBJS</Filter>
    </ClCompile>
    <ClCompile Include="..\..\7ze-src\CPP\Windows\ErrorMsg.cpp">
      <Filter>Source Files\WIN_OBJS</Filter>
    </ClCompile>
    <ClCompile Include="..\..\7ze-src\CPP\Windows\FileDir.cpp">
      <Filter>Source Files\WIN_OBJS</Filter>
    </ClCompile>
    <ClCompile Include="..\..\7ze-src\CPP\Windows\FileFind.cpp">
      <Filter>Source Files\WIN_OBJS</Filter>
    </ClCompile>
    <ClCompile Include="..\..\7ze-src\CPP\Windows\FileIO.cpp">
      <Filter>Source Files\WIN_OBJS</Filter>
    </ClCompile>
    <ClCompile Include="..\..\7ze-src\CPP\Windows\FileLink.cpp">
      <Filter>Source Files\WIN_OBJS</Filter>
    </ClCompile>
    <ClCompile Include="..\..\7ze-src\CPP\Windows\FileName.cpp">
      <Filter>Source Files\WIN_OBJS</Filter>
    </ClCompile>
    <ClCompile Include="..\..\7ze-src\CPP\Windows\FileSystem.cpp">
      <Filter>Source Files\WIN_OBJS</Filter>
    </ClCompile>
    <ClCompile Include="..\..\7ze-src\CPP\Windows\MemoryGlobal.cpp">
      <Filter>Source Files\WIN_OBJS</Filter>
    </ClCompile>
    <ClCompile Include="..\..\7ze-src\CPP\Windows\MemoryLock.cpp">
      <Filter>Source Files\WIN_OBJS</Filter>
    </ClCompile>
    <ClCompile Include="..\..\7ze-src\CPP\Windows\Menu.cpp">
      <Filter>Source Files\WIN_OBJS</Filter>
    </ClCompile>
    <ClCompile Include="..\..\7ze-src\CPP\Windows\Net.cpp">
      <Filter>Source Files\WIN_OBJS</Filter>
    </ClCompile>
    <ClCompile Include="..\..\7ze-src\CPP\Windows\ProcessUtils.cpp">
      <Filter>Source Files\WIN_OBJS</Filter>
    </ClCompile>
    <ClCompile Include="..\..\7ze-src\CPP\Windows\PropVariant.cpp">
      <Filter>Source Files\WIN_OBJS</Filter>
    </ClCompile>
    <ClCompile Include="..\..\7ze-src\CPP\Windows\PropVariantConv.cpp">
      <Filter>Source Files\WIN_OBJS</Filter>
    </ClCompile>
    <ClCompile Include="..\..\7ze-src\CPP\Windows\PropVariantUtils.cpp">
      <Filter>Source Files\WIN_OBJS</Filter>
    </ClCompile>
    <ClCompile Include="..\..\7ze-src\CPP\Windows\Registry.cpp">
      <Filter>Source Files\WIN_OBJS</Filter>
    </ClCompile>
    <ClCompile Include="..\..\7ze-src\CPP\Windows\ResourceString.cpp">
      <Filter>Source Files\WIN_OBJS</Filter>
    </ClCompile>
    <ClCompile Include="..\..\7ze-src\CPP\Windows\SecurityUtils.cpp">
      <Filter>Source Files\WIN_OBJS</Filter>
    </ClCompile>
    <ClCompile Include="..\..\7ze-src\CPP\Windows\Shell.cpp">
      <Filter>Source Files\WIN_OBJS</Filter>
    </ClCompile>
    <ClCompile Include="..\..\7ze-src\CPP\Windows\System.cpp">
      <Filter>Source Files\WIN_OBJS</Filter>
    </ClCompile>
    <ClCompile Include="..\..\7ze-src\CPP\Windows\TimeUtils.cpp">
      <Filter>Source Files\WIN_OBJS</Filter>
    </ClCompile>
    <ClCompile Include="..\..\7ze-src\C\7zCrc.c">
      <Filter>Source Files\C_OBJS</Filter>
    </ClCompile>
    <ClCompile Include="..\..\7ze-src\C\7zBuf2.c">
      <Filter>Source Files\C_OBJS</Filter>
    </ClCompile>
    <ClCompile Include="..\..\7ze-src\C\7zStream.c">
      <Filter>Source Files\C_OBJS</Filter>
    </ClCompile>
    <ClCompile Include="..\..\7ze-src\C\Aes.c">
      <Filter>Source Files\C_OBJS</Filter>
    </ClCompile>
    <ClCompile Include="..\..\7ze-src\C\Alloc.c">
      <Filter>Source Files\C_OBJS</Filter>
    </ClCompile>
    <ClCompile Include="..\..\7ze-src\C\Bcj2.c">
      <Filter>Source Files\C_OBJS</Filter>
    </ClCompile>
    <ClCompile Include="..\..\7ze-src\C\Bcj2Enc.c">
      <Filter>Source Files\C_OBJS</Filter>
    </ClCompile>
    <ClCompile Include="..\..\7ze-src\C\Blake2s.c">
      <Filter>Source Files\C_OBJS</Filter>
    </ClCompile>
    <ClCompile Include="..\..\7ze-src\C\Bra.c">
      <Filter>Source Files\C_OBJS</Filter>
    </ClCompile>
    <ClCompile Include="..\..\7ze-src\C\Bra86.c">
      <Filter>Source Files\C_OBJS</Filter>
    </ClCompile>
    <ClCompile Include="..\..\7ze-src\C\BraIA64.c">
      <Filter>Source Files\C_OBJS</Filter>
    </ClCompile>
    <ClCompile Include="..\..\7ze-src\C\BwtSort.c">
      <Filter>Source Files\C_OBJS</Filter>
    </ClCompile>
    <ClCompile Include="..\..\7ze-src\C\CpuArch.c">
      <Filter>Source Files\C_OBJS</Filter>
    </ClCompile>
    <ClCompile Include="..\..\7ze-src\C\Delta.c">
      <Filter>Source Files\C_OBJS</Filter>
    </ClCompile>
    <ClCompile Include="..\..\7ze-src\C\HuffEnc.c">
      <Filter>Source Files\C_OBJS</Filter>
    </ClCompile>
    <ClCompile Include="..\..\7ze-src\C\LzFind.c">
      <Filter>Source Files\C_OBJS</Filter>
    </ClCompile>
    <ClCompile Include="..\..\7ze-src\C\LzFindMt.c">
      <Filter>Source Files\C_OBJS</Filter>
    </ClCompile>
    <ClCompile Include="..\..\7ze-src\C\Lzma2Dec.c">
      <Filter>Source Files\C_OBJS</Filter>
    </ClCompile>
    <ClCompile Include="..\..\7ze-src\C\Lzma2Enc.c">
      <Filter>Source Files\C_OBJS</Filter>
    </ClCompile>
    <ClCompile Include="..\..\7ze-src\C\LzmaDec.c">
      <Filter>Source Files\C_OBJS</Filter>
    </ClCompile>
    <ClCompile Include="..\..\7ze-src\C\LzmaEnc.c">
      <Filter>Source Files\C_OBJS</Filter>
    </ClCompile>
    <ClCompile Include="..\..\7ze-src\C\MtCoder.c">
      <Filter>Source Files\C_OBJS</Filter>
    </ClCompile>
    <ClCompile Include="..\..\7ze-src\C\Ppmd7.c">
      <Filter>Source Files\C_OBJS</Filter>
    </ClCompile>
    <ClCompile Include="..\..\7ze-src\C\Ppmd7Dec.c">
      <Filter>Source Files\C_OBJS</Filter>
    </ClCompile>
    <ClCompile Include="..\..\7ze-src\C\Ppmd7Enc.c">
      <Filter>Source Files\C_OBJS</Filter>
    </ClCompile>
    <ClCompile Include="..\..\7ze-src\C\Ppmd8.c">
      <Filter>Source Files\C_OBJS</Filter>
    </ClCompile>
    <ClCompile Include="..\..\7ze-src\C\Ppmd8Dec.c">
      <Filter>Source Files\C_OBJS</Filter>
    </ClCompile>
    <ClCompile Include="..\..\7ze-src\C\Ppmd8Enc.c">
      <Filter>Source Files\C_OBJS</Filter>
    </ClCompile>
    <ClCompile Include="..\..\7ze-src\C\Sha1.c">
      <Filter>Source Files\C_OBJS</Filter>
    </ClCompile>
    <ClCompile Include="..\..\7ze-src\C\Sha256.c">
      <Filter>Source Files\C_OBJS</Filter>
    </ClCompile>
    <ClCompile Include="..\..\7ze-src\C\Sort.c">
      <Filter>Source Files\C_OBJS</Filter>
    </ClCompile>
    <ClCompile Include="..\..\7ze-src\C\Threads.c">
      <Filter>Source Files\C_OBJS</Filter>
    </ClCompile>
    <ClCompile Include="..\..\7ze-src\C\Xz.c">
      <Filter>Source Files\C_OBJS</Filter>
    </ClCompile>
    <ClCompile Include="..\..\7ze-src\C\XzCrc64.c">
      <Filter>Source Files\C_OBJS</Filter>
    </ClCompile>
    <ClCompile Include="..\..\7ze-src\C\XzCrc64Opt.c">
      <Filter>Source Files\C_OBJS</Filter>
    </ClCompile>
    <ClCompile Include="..\..\7ze-src\C\XzDec.c">
      <Filter>Source Files\C_OBJS</Filter>
    </ClCompile>
    <ClCompile Include="..\..\7ze-src\C\XzEnc.c">
      <Filter>Source Files\C_OBJS</Filter>
    </ClCompile>
    <ClCompile Include="..\..\7ze-src\C\XzIn.c">
      <Filter>Source Files\C_OBJS</Filter>
    </ClCompile>
    <ClCompile Include="7zipProFM.cpp">
      <Filter>Source Files\FME_OBJS</Filter>
    </ClCompile>
    <ClCompile Include="7zipProFMDlg.cpp">
      <Filter>Source Files\FME_OBJS</Filter>
    </ClCompile>
    <ClCompile Include="BCMenu.cpp">
      <Filter>Source Files\FME_OBJS</Filter>
    </ClCompile>
    <ClCompile Include="Bench.cpp">
      <Filter>Source Files\FME_OBJS</Filter>
    </ClCompile>
    <ClCompile Include="BenchmarkDialog.cpp">
      <Filter>Source Files\FME_OBJS</Filter>
    </ClCompile>
    <ClCompile Include="BtnST.cpp">
      <Filter>Source Files\FME_OBJS</Filter>
    </ClCompile>
    <ClCompile Include="CircularProgressCtrl.cpp">
      <Filter>Source Files\FME_OBJS</Filter>
    </ClCompile>
    <ClCompile Include="ColumnTreeCtrl.cpp">
      <Filter>Source Files\FME_OBJS</Filter>
    </ClCompile>
    <ClCompile Include="ComboDialog.cpp">
      <Filter>Source Files\FME_OBJS</Filter>
    </ClCompile>
    <ClCompile Include="CompressCall2.cpp">
      <Filter>Source Files\FME_OBJS</Filter>
    </ClCompile>
    <ClCompile Include="CompressDialog.cpp">
      <Filter>Source Files\FME_OBJS</Filter>
    </ClCompile>
    <ClCompile Include="ContentsView.cpp">
      <Filter>Source Files\FME_OBJS</Filter>
    </ClCompile>
    <ClCompile Include="CopyDialog.cpp">
      <Filter>Source Files\FME_OBJS</Filter>
    </ClCompile>
    <ClCompile Include="DetailView.cpp">
      <Filter>Source Files\FME_OBJS</Filter>
    </ClCompile>
    <ClCompile Include="EditPage.cpp">
      <Filter>Source Files\FME_OBJS</Filter>
    </ClCompile>
    <ClCompile Include="ExtractCallback.cpp">
      <Filter>Source Files\FME_OBJS</Filter>
    </ClCompile>
    <ClCompile Include="ExtractDialog.cpp">
      <Filter>Source Files\FME_OBJS</Filter>
    </ClCompile>
    <ClCompile Include="ExtractGUI.cpp">
      <Filter>Source Files\FME_OBJS</Filter>
    </ClCompile>
    <ClCompile Include="FileFolderPluginOpen.cpp">
      <Filter>Source Files\FME_OBJS</Filter>
    </ClCompile>
    <ClCompile Include="FileManagerDlg.cpp">
      <Filter>Source Files\FME_OBJS</Filter>
    </ClCompile>
    <ClCompile Include="FMDropTarget.cpp">
      <Filter>Source Files\FME_OBJS</Filter>
    </ClCompile>
    <ClCompile Include="FMUtils.cpp">
      <Filter>Source Files\FME_OBJS</Filter>
    </ClCompile>
    <ClCompile Include="FoldersPage.cpp">
      <Filter>Source Files\FME_OBJS</Filter>
    </ClCompile>
    <ClCompile Include="FolderView.cpp">
      <Filter>Source Files\FME_OBJS</Filter>
    </ClCompile>
    <ClCompile Include="HashGUI.cpp">
      <Filter>Source Files\FME_OBJS</Filter>
    </ClCompile>
    <ClCompile Include="ImageUtils.cpp">
      <Filter>Source Files\FME_OBJS</Filter>
    </ClCompile>
    <ClCompile Include="LangPage.cpp">
      <Filter>Source Files\FME_OBJS</Filter>
    </ClCompile>
    <ClCompile Include="LoadCodecs.cpp">
      <Filter>Source Files\FME_OBJS</Filter>
    </ClCompile>
    <ClCompile Include="MenuPage.cpp">
      <Filter>Source Files\FME_OBJS</Filter>
    </ClCompile>
    <ClCompile Include="MessagesDialog.cpp">
      <Filter>Source Files\FME_OBJS</Filter>
    </ClCompile>
    <ClCompile Include="MyLoadMenu.cpp">
      <Filter>Source Files\FME_OBJS</Filter>
    </ClCompile>
    <ClCompile Include="NetFolder.cpp">
      <Filter>Source Files\FME_OBJS</Filter>
    </ClCompile>
    <ClCompile Include="NullFrame.cpp">
      <Filter>Source Files\FME_OBJS</Filter>
    </ClCompile>
    <ClCompile Include="NuonImg.cpp">
      <Filter>Source Files\FME_OBJS</Filter>
    </ClCompile>
    <ClCompile Include="OpenCallback.cpp">
      <Filter>Source Files\FME_OBJS</Filter>
    </ClCompile>
    <ClCompile Include="OptionsDialog.cpp">
      <Filter>Source Files\FME_OBJS</Filter>
    </ClCompile>
    <ClCompile Include="OverwriteDialog.cpp">
      <Filter>Source Files\FME_OBJS</Filter>
    </ClCompile>
    <ClCompile Include="PanelCopy.cpp">
      <Filter>Source Files\FME_OBJS</Filter>
    </ClCompile>
    <ClCompile Include="PanelCopyThread.cpp">
      <Filter>Source Files\FME_OBJS</Filter>
    </ClCompile>
    <ClCompile Include="PanelCrc.cpp">
      <Filter>Source Files\FME_OBJS</Filter>
    </ClCompile>
    <ClCompile Include="PanelDrag.cpp">
      <Filter>Source Files\FME_OBJS</Filter>
    </ClCompile>
    <ClCompile Include="PanelFolderChange.cpp">
      <Filter>Source Files\FME_OBJS</Filter>
    </ClCompile>
    <ClCompile Include="PanelItemOpen.cpp">
      <Filter>Source Files\FME_OBJS</Filter>
    </ClCompile>
    <ClCompile Include="PanelItems.cpp">
      <Filter>Source Files\FME_OBJS</Filter>
    </ClCompile>
    <ClCompile Include="PanelListNotify.cpp">
      <Filter>Source Files\FME_OBJS</Filter>
    </ClCompile>
    <ClCompile Include="PanelMenu.cpp">
      <Filter>Source Files\FME_OBJS</Filter>
    </ClCompile>
    <ClCompile Include="PanelOperations.cpp">
      <Filter>Source Files\FME_OBJS</Filter>
    </ClCompile>
    <ClCompile Include="PanelSelect.cpp">
      <Filter>Source Files\FME_OBJS</Filter>
    </ClCompile>
    <ClCompile Include="PanelSort.cpp">
      <Filter>Source Files\FME_OBJS</Filter>
    </ClCompile>
    <ClCompile Include="PanelSplitFile.cpp">
      <Filter>Source Files\FME_OBJS</Filter>
    </ClCompile>
    <ClCompile Include="PasswordDialog.cpp">
      <Filter>Source Files\FME_OBJS</Filter>
    </ClCompile>
    <ClCompile Include="PluginInfoDlg.cpp">
      <Filter>Source Files\FME_OBJS</Filter>
    </ClCompile>
    <ClCompile Include="PluginsPage.cpp">
      <Filter>Source Files\FME_OBJS</Filter>
    </ClCompile>
    <ClCompile Include="ProgressDialog2.cpp">
      <Filter>Source Files\FME_OBJS</Filter>
    </ClCompile>
    <ClCompile Include="RegistryAssociations.cpp">
      <Filter>Source Files\FME_OBJS</Filter>
    </ClCompile>
    <ClCompile Include="RootFolder.cpp">
      <Filter>Source Files\FME_OBJS</Filter>
    </ClCompile>
    <ClCompile Include="SettingsPage.cpp">
      <Filter>Source Files\FME_OBJS</Filter>
    </ClCompile>
    <ClCompile Include="SplitDialog.cpp">
      <Filter>Source Files\FME_OBJS</Filter>
    </ClCompile>
    <ClCompile Include="SplitUtils.cpp">
      <Filter>Source Files\FME_OBJS</Filter>
    </ClCompile>
    <ClCompile Include="stdafx.cpp">
      <Filter>Source Files</Filter>
    </ClCompile>
    <ClCompile Include="Synchronization.cpp">
      <Filter>Source Files\FME_OBJS</Filter>
    </ClCompile>
    <ClCompile Include="SystemPage.cpp">
      <Filter>Source Files\FME_OBJS</Filter>
    </ClCompile>
    <ClCompile Include="ThreadFolderOperations.cpp">
      <Filter>Source Files\FME_OBJS</Filter>
    </ClCompile>
    <ClCompile Include="UpdateCallback100.cpp">
      <Filter>Source Files\FME_OBJS</Filter>
    </ClCompile>
    <ClCompile Include="UpdateCallbackGUI.cpp">
      <Filter>Source Files\FME_OBJS</Filter>
    </ClCompile>
    <ClCompile Include="UpdateCallbackGUI2.cpp">
      <Filter>Source Files\FME_OBJS</Filter>
    </ClCompile>
    <ClCompile Include="UpdateGUI.cpp">
      <Filter>Source Files\FME_OBJS</Filter>
    </ClCompile>
    <ClCompile Include="WICImagingFactory.cpp">
      <Filter>Source Files\FME_OBJS</Filter>
    </ClCompile>
    <ClCompile Include="..\..\7ze-src\CPP\7zip\UI\FileManager\AltStreamsFolder.cpp">
      <Filter>Source Files\FME_OBJS\LEGACY</Filter>
    </ClCompile>
    <ClCompile Include="..\..\7ze-src\CPP\7zip\UI\FileManager\ClassDefs.cpp">
      <Filter>Source Files\FME_OBJS\LEGACY</Filter>
    </ClCompile>
    <ClCompile Include="..\..\7ze-src\CPP\7zip\UI\FileManager\EnumFormatEtc.cpp">
      <Filter>Source Files\FME_OBJS\LEGACY</Filter>
    </ClCompile>
    <ClCompile Include="..\..\7ze-src\CPP\7zip\UI\FileManager\FilePlugins.cpp">
      <Filter>Source Files\FME_OBJS\LEGACY</Filter>
    </ClCompile>
    <ClCompile Include="..\..\7ze-src\CPP\7zip\UI\FileManager\FormatUtils.cpp">
      <Filter>Source Files\FME_OBJS\LEGACY</Filter>
    </ClCompile>
    <ClCompile Include="..\..\7ze-src\CPP\7zip\UI\FileManager\FSDrives.cpp">
      <Filter>Source Files\FME_OBJS\LEGACY</Filter>
    </ClCompile>
    <ClCompile Include="..\..\7ze-src\CPP\7zip\UI\FileManager\FSFolder.cpp">
      <Filter>Source Files\FME_OBJS\LEGACY</Filter>
    </ClCompile>
    <ClCompile Include="..\..\7ze-src\CPP\7zip\UI\FileManager\FSFolderCopy.cpp">
      <Filter>Source Files\FME_OBJS\LEGACY</Filter>
    </ClCompile>
    <ClCompile Include="..\..\7ze-src\CPP\7zip\UI\FileManager\HelpUtils.cpp">
      <Filter>Source Files\FME_OBJS\LEGACY</Filter>
    </ClCompile>
    <ClCompile Include="..\..\7ze-src\CPP\7zip\UI\FileManager\LangUtils.cpp">
      <Filter>Source Files\FME_OBJS\LEGACY</Filter>
    </ClCompile>
    <ClCompile Include="..\..\7ze-src\CPP\7zip\UI\FileManager\PropertyName.cpp">
      <Filter>Source Files\FME_OBJS\LEGACY</Filter>
    </ClCompile>
    <ClCompile Include="..\..\7ze-src\CPP\7zip\UI\FileManager\RegistryPlugins.cpp">
      <Filter>Source Files\FME_OBJS\LEGACY</Filter>
    </ClCompile>
    <ClCompile Include="..\..\7ze-src\CPP\7zip\UI\FileManager\RegistryUtils.cpp">
      <Filter>Source Files\FME_OBJS\LEGACY</Filter>
    </ClCompile>
    <ClCompile Include="..\..\7ze-src\CPP\7zip\UI\FileManager\StringUtils.cpp">
      <Filter>Source Files\FME_OBJS\LEGACY</Filter>
    </ClCompile>
    <ClCompile Include="..\..\7ze-src\CPP\7zip\UI\FileManager\SysIconUtils.cpp">
      <Filter>Source Files\FME_OBJS\LEGACY</Filter>
    </ClCompile>
    <ClCompile Include="..\..\7ze-src\CPP\7zip\UI\FileManager\TextPairs.cpp">
      <Filter>Source Files\FME_OBJS\LEGACY</Filter>
    </ClCompile>
  </ItemGroup>
  <ItemGroup>
    <MASM Include="..\..\7ze-src\Asm\x86\7zCrcOpt.asm">
      <Filter>Source Files\ASM_OBJS</Filter>
    </MASM>
    <MASM Include="..\..\7ze-src\Asm\x86\AesOpt.asm">
      <Filter>Source Files\ASM_OBJS</Filter>
    </MASM>
  </ItemGroup>
  <ItemGroup>
    <ResourceCompile Include="7zipProFM.rc">
      <Filter>Resource Files</Filter>
    </ResourceCompile>
  </ItemGroup>
  <ItemGroup>
    <None Include="res\My7zipProFM.rc2">
      <Filter>Resource Files</Filter>
    </None>
  </ItemGroup>
  <ItemGroup>
    <Image Include="res\7zipProFM.ico">
      <Filter>Resource Files</Filter>
    </Image>
    <Image Include="res\AddToArchive.png">
      <Filter>Resource Files</Filter>
    </Image>
    <Image Include="res\AddToArchiveH.png">
      <Filter>Resource Files</Filter>
    </Image>
    <Image Include="res\bottom.png">
      <Filter>Resource Files</Filter>
    </Image>
    <Image Include="res\Close.png">
      <Filter>Resource Files</Filter>
    </Image>
    <Image Include="res\CloseH.png">
      <Filter>Resource Files</Filter>
    </Image>
    <Image Include="res\CopyTo.png">
      <Filter>Resource Files</Filter>
    </Image>
    <Image Include="res\CopyToH.png">
      <Filter>Resource Files</Filter>
    </Image>
    <Image Include="res\Delete.png">
      <Filter>Resource Files</Filter>
    </Image>
    <Image Include="res\DeleteH.png">
      <Filter>Resource Files</Filter>
    </Image>
    <Image Include="res\down_arrow.png">
      <Filter>Resource Files</Filter>
    </Image>
    <Image Include="res\down_arrow_h.png">
      <Filter>Resource Files</Filter>
    </Image>
    <Image Include="res\ExtracFiles.png">
      <Filter>Resource Files</Filter>
    </Image>
    <Image Include="res\ExtracFilesH.png">
      <Filter>Resource Files</Filter>
    </Image>
    <Image Include="res\Logo.png">
      <Filter>Resource Files</Filter>
    </Image>
    <Image Include="res\Maximize.png">
      <Filter>Resource Files</Filter>
    </Image>
    <Image Include="res\MaximizeH.png">
      <Filter>Resource Files</Filter>
    </Image>
    <Image Include="res\Menu.png">
      <Filter>Resource Files</Filter>
    </Image>
    <Image Include="res\MenuH.png">
      <Filter>Resource Files</Filter>
    </Image>
    <Image Include="res\Minimize.png">
      <Filter>Resource Files</Filter>
    </Image>
    <Image Include="res\MinimizeH.png">
      <Filter>Resource Files</Filter>
    </Image>
    <Image Include="res\MoveTo.png">
      <Filter>Resource Files</Filter>
    </Image>
    <Image Include="res\MoveToH.png">
      <Filter>Resource Files</Filter>
    </Image>
    <Image Include="res\nav_backward.png">
      <Filter>Resource Files</Filter>
    </Image>
    <Image Include="res\nav_backward_h.png">
      <Filter>Resource Files</Filter>
    </Image>
    <Image Include="res\nav_forward.png">
      <Filter>Resource Files</Filter>
    </Image>
    <Image Include="res\nav_forward_h.png">
      <Filter>Resource Files</Filter>
    </Image>
    <Image Include="res\nav_up.png">
      <Filter>Resource Files</Filter>
    </Image>
    <Image Include="res\nav_up_h.png">
      <Filter>Resource Files</Filter>
    </Image>
    <Image Include="res\navbar.png">
      <Filter>Resource Files</Filter>
    </Image>
    <Image Include="res\Properties.png">
      <Filter>Resource Files</Filter>
    </Image>
    <Image Include="res\PropertiesH.png">
      <Filter>Resource Files</Filter>
    </Image>
    <Image Include="res\rb_corner.png">
      <Filter>Resource Files</Filter>
    </Image>
    <Image Include="res\Skin.png">
      <Filter>Resource Files</Filter>
    </Image>
    <Image Include="res\SkinH.png">
      <Filter>Resource Files</Filter>
    </Image>
    <Image Include="res\TestArchive.png">
      <Filter>Resource Files</Filter>
    </Image>
    <Image Include="res\TestArchiveH.png">
      <Filter>Resource Files</Filter>
    </Image>
    <Image Include="res\Title.png">
      <Filter>Resource Files</Filter>
    </Image>
    <Image Include="res\view_list.png">
      <Filter>Resource Files</Filter>
    </Image>
    <Image Include="res\view_list_h.png">
      <Filter>Resource Files</Filter>
    </Image>
    <Image Include="res\Benchmark.png">
      <Filter>Resource Files</Filter>
    </Image>
    <Image Include="res\BenchmarkH.png">
      <Filter>Resource Files</Filter>
    </Image>
    <Image Include="res\toolbar.bmp">
      <Filter>Resource Files</Filter>
    </Image>
    <Image Include="res\DlgBkgnd.bmp">
      <Filter>Resource Files</Filter>
    </Image>
    <Image Include="res\progress_num_18.png">
      <Filter>Resource Files</Filter>
    </Image>
    <Image Include="res\progress_num_22.png">
      <Filter>Resource Files</Filter>
    </Image>
    <Image Include="res\level2.png">
      <Filter>Resource Files</Filter>
    </Image>
    <Image Include="res\level1.png">
      <Filter>Resource Files</Filter>
    </Image>
    <Image Include="res\arrow.png">
      <Filter>Resource Files</Filter>
    </Image>
    <Image Include="res\perf-background.png">
      <Filter>Resource Files</Filter>
    </Image>
    <Image Include="res\perf-memo.png">
      <Filter>Resource Files</Filter>
    </Image>
    <Image Include="res\time-background.png">
      <Filter>Resource Files</Filter>
    </Image>
    <Image Include="res\time-foreground.png">
      <Filter>Resource Files</Filter>
    </Image>
    <Image Include="res\status-background.png">
      <Filter>Resource Files</Filter>
    </Image>
    <Image Include="res\status-hr.png">
      <Filter>Resource Files</Filter>
    </Image>
    <Image Include="res\log-background.png">
      <Filter>Resource Files</Filter>
    </Image>
    <Image Include="res\btn-background.png">
      <Filter>Resource Files</Filter>
    </Image>
    <Image Include="res\btn-pause.png">
      <Filter>Resource Files</Filter>
    </Image>
    <Image Include="res\btn-cancel.png">
      <Filter>Resource Files</Filter>
    </Image>
    <Image Include="res\eco-large-icon.png">
      <Filter>Resource Files</Filter>
    </Image>
    <Image Include="res\MenuLogo.bmp">
      <Filter>Resource Files</Filter>
    </Image>
  </ItemGroup>
  <ItemGroup>
    <Font Include="res\ALDO PC.TTF" />
  </ItemGroup>
</Project>