
Microsoft Visual Studio Solution File, Format Version 12.00
# Visual Studio 2013
VisualStudioVersion = 12.0.30723.0
MinimumVisualStudioVersion = 10.0.40219.1
Project("{8BC9CEB8-8B4A-11D0-8D11-00A0C91BC942}") = "EcoZipFM", "EcoZipFM\EcoZipFM.vcxproj", "{B723AE15-06AA-41DB-BD34-905F4FBE5DB2}"
EndProject
Project("{8BC9CEB8-8B4A-11D0-8D11-00A0C91BC942}") = "7z", "7z\7z.vcxproj", "{FC4DC75E-C615-4AEB-9271-DE776F1CA217}"
EndProject
Project("{8BC9CEB8-8B4A-11D0-8D11-00A0C91BC942}") = "EcoZipFMLite", "EcoZipFMLite\EcoZipFMLite.vcxproj", "{0B3D56CE-54C1-469F-96DE-78FD4B2E0DD5}"
	ProjectSection(ProjectDependencies) = postProject
		{C8F12907-3019-4412-8F9B-15CFB4528E93} = {C8F12907-3019-4412-8F9B-15CFB4528E93}
		{C09DB054-164C-4130-99E8-5EDF464D0850} = {C09DB054-164C-4130-99E8-5EDF464D0850}
		{FC4DC75E-C615-4AEB-9271-DE776F1CA217} = {FC4DC75E-C615-4AEB-9271-DE776F1CA217}
		{2AADF16B-A87D-49F1-8353-FB064C04F988} = {2AADF16B-A87D-49F1-8353-FB064C04F988}
		{CEBFCC7C-0EFF-4EB6-8E17-D3F5EE5E08C1} = {CEBFCC7C-0EFF-4EB6-8E17-D3F5EE5E08C1}
		{DCF3C08E-642E-4296-9F84-DF7F4E52C31F} = {DCF3C08E-642E-4296-9F84-DF7F4E52C31F}
		{379D1798-C56D-4FA9-8274-DD3366314431} = {379D1798-C56D-4FA9-8274-DD3366314431}
		{3FA736F3-BE09-4EC6-B895-74A767C78D12} = {3FA736F3-BE09-4EC6-B895-74A767C78D12}
	EndProjectSection
EndProject
Project("{8BC9CEB8-8B4A-11D0-8D11-00A0C91BC942}") = "CSC", "CSC\CSC.vcxproj", "{DCF3C08E-642E-4296-9F84-DF7F4E52C31F}"
EndProject
Project("{8BC9CEB8-8B4A-11D0-8D11-00A0C91BC942}") = "LIBBSC", "LIBBSC\LIBBSC.vcxproj", "{C09DB054-164C-4130-99E8-5EDF464D0850}"
EndProject
Project("{8BC9CEB8-8B4A-11D0-8D11-00A0C91BC942}") = "PackMp3", "PackMp3\PackMp3.vcxproj", "{379D1798-C56D-4FA9-8274-DD3366314431}"
EndProject
Project("{8BC9CEB8-8B4A-11D0-8D11-00A0C91BC942}") = "7ze", "7ze\7ze.vcxproj", "{2AADF16B-A87D-49F1-8353-FB064C04F988}"
EndProject
Project("{8BC9CEB8-8B4A-11D0-8D11-00A0C91BC942}") = "7-zip", "7-zip\7-zip.vcxproj", "{CEBFCC7C-0EFF-4EB6-8E17-D3F5EE5E08C1}"
EndProject
Project("{8BC9CEB8-8B4A-11D0-8D11-00A0C91BC942}") = "MCM", "MCM\MCM.vcxproj", "{C8F12907-3019-4412-8F9B-15CFB4528E93}"
EndProject
Project("{8BC9CEB8-8B4A-11D0-8D11-00A0C91BC942}") = "PackPnm", "PackPnm\PackPnm.vcxproj", "{3FA736F3-BE09-4EC6-B895-74A767C78D12}"
EndProject
Global
	GlobalSection(SolutionConfigurationPlatforms) = preSolution
		Debug|Win32 = Debug|Win32
		Debug|x64 = Debug|x64
		Release|Win32 = Release|Win32
		Release|x64 = Release|x64
	EndGlobalSection
	GlobalSection(ProjectConfigurationPlatforms) = postSolution
		{B723AE15-06AA-41DB-BD34-905F4FBE5DB2}.Debug|Win32.ActiveCfg = Debug|Win32
		{B723AE15-06AA-41DB-BD34-905F4FBE5DB2}.Debug|Win32.Build.0 = Debug|Win32
		{B723AE15-06AA-41DB-BD34-905F4FBE5DB2}.Debug|x64.ActiveCfg = Debug|x64
		{B723AE15-06AA-41DB-BD34-905F4FBE5DB2}.Debug|x64.Build.0 = Debug|x64
		{B723AE15-06AA-41DB-BD34-905F4FBE5DB2}.Release|Win32.ActiveCfg = Release|Win32
		{B723AE15-06AA-41DB-BD34-905F4FBE5DB2}.Release|Win32.Build.0 = Release|Win32
		{B723AE15-06AA-41DB-BD34-905F4FBE5DB2}.Release|x64.ActiveCfg = Release|x64
		{B723AE15-06AA-41DB-BD34-905F4FBE5DB2}.Release|x64.Build.0 = Release|x64
		{FC4DC75E-C615-4AEB-9271-DE776F1CA217}.Debug|Win32.ActiveCfg = Debug|Win32
		{FC4DC75E-C615-4AEB-9271-DE776F1CA217}.Debug|Win32.Build.0 = Debug|Win32
		{FC4DC75E-C615-4AEB-9271-DE776F1CA217}.Debug|x64.ActiveCfg = Debug|x64
		{FC4DC75E-C615-4AEB-9271-DE776F1CA217}.Debug|x64.Build.0 = Debug|x64
		{FC4DC75E-C615-4AEB-9271-DE776F1CA217}.Release|Win32.ActiveCfg = Release|Win32
		{FC4DC75E-C615-4AEB-9271-DE776F1CA217}.Release|Win32.Build.0 = Release|Win32
		{FC4DC75E-C615-4AEB-9271-DE776F1CA217}.Release|x64.ActiveCfg = Release|x64
		{FC4DC75E-C615-4AEB-9271-DE776F1CA217}.Release|x64.Build.0 = Release|x64
		{0B3D56CE-54C1-469F-96DE-78FD4B2E0DD5}.Debug|Win32.ActiveCfg = Debug|Win32
		{0B3D56CE-54C1-469F-96DE-78FD4B2E0DD5}.Debug|Win32.Build.0 = Debug|Win32
		{0B3D56CE-54C1-469F-96DE-78FD4B2E0DD5}.Debug|x64.ActiveCfg = Debug|x64
		{0B3D56CE-54C1-469F-96DE-78FD4B2E0DD5}.Debug|x64.Build.0 = Debug|x64
		{0B3D56CE-54C1-469F-96DE-78FD4B2E0DD5}.Release|Win32.ActiveCfg = Release|Win32
		{0B3D56CE-54C1-469F-96DE-78FD4B2E0DD5}.Release|Win32.Build.0 = Release|Win32
		{0B3D56CE-54C1-469F-96DE-78FD4B2E0DD5}.Release|x64.ActiveCfg = Release|x64
		{0B3D56CE-54C1-469F-96DE-78FD4B2E0DD5}.Release|x64.Build.0 = Release|x64
		{DCF3C08E-642E-4296-9F84-DF7F4E52C31F}.Debug|Win32.ActiveCfg = Debug|Win32
		{DCF3C08E-642E-4296-9F84-DF7F4E52C31F}.Debug|Win32.Build.0 = Debug|Win32
		{DCF3C08E-642E-4296-9F84-DF7F4E52C31F}.Debug|x64.ActiveCfg = Debug|x64
		{DCF3C08E-642E-4296-9F84-DF7F4E52C31F}.Debug|x64.Build.0 = Debug|x64
		{DCF3C08E-642E-4296-9F84-DF7F4E52C31F}.Release|Win32.ActiveCfg = Release|Win32
		{DCF3C08E-642E-4296-9F84-DF7F4E52C31F}.Release|Win32.Build.0 = Release|Win32
		{DCF3C08E-642E-4296-9F84-DF7F4E52C31F}.Release|x64.ActiveCfg = Release|x64
		{DCF3C08E-642E-4296-9F84-DF7F4E52C31F}.Release|x64.Build.0 = Release|x64
		{C09DB054-164C-4130-99E8-5EDF464D0850}.Debug|Win32.ActiveCfg = Debug|Win32
		{C09DB054-164C-4130-99E8-5EDF464D0850}.Debug|Win32.Build.0 = Debug|Win32
		{C09DB054-164C-4130-99E8-5EDF464D0850}.Debug|x64.ActiveCfg = Debug|x64
		{C09DB054-164C-4130-99E8-5EDF464D0850}.Debug|x64.Build.0 = Debug|x64
		{C09DB054-164C-4130-99E8-5EDF464D0850}.Release|Win32.ActiveCfg = Release|Win32
		{C09DB054-164C-4130-99E8-5EDF464D0850}.Release|Win32.Build.0 = Release|Win32
		{C09DB054-164C-4130-99E8-5EDF464D0850}.Release|x64.ActiveCfg = Release|x64
		{C09DB054-164C-4130-99E8-5EDF464D0850}.Release|x64.Build.0 = Release|x64
		{379D1798-C56D-4FA9-8274-DD3366314431}.Debug|Win32.ActiveCfg = Debug|Win32
		{379D1798-C56D-4FA9-8274-DD3366314431}.Debug|Win32.Build.0 = Debug|Win32
		{379D1798-C56D-4FA9-8274-DD3366314431}.Debug|x64.ActiveCfg = Debug|x64
		{379D1798-C56D-4FA9-8274-DD3366314431}.Debug|x64.Build.0 = Debug|x64
		{379D1798-C56D-4FA9-8274-DD3366314431}.Release|Win32.ActiveCfg = Release|Win32
		{379D1798-C56D-4FA9-8274-DD3366314431}.Release|Win32.Build.0 = Release|Win32
		{379D1798-C56D-4FA9-8274-DD3366314431}.Release|x64.ActiveCfg = Release|x64
		{379D1798-C56D-4FA9-8274-DD3366314431}.Release|x64.Build.0 = Release|x64
		{2AADF16B-A87D-49F1-8353-FB064C04F988}.Debug|Win32.ActiveCfg = Debug|Win32
		{2AADF16B-A87D-49F1-8353-FB064C04F988}.Debug|Win32.Build.0 = Debug|Win32
		{2AADF16B-A87D-49F1-8353-FB064C04F988}.Debug|x64.ActiveCfg = Debug|x64
		{2AADF16B-A87D-49F1-8353-FB064C04F988}.Debug|x64.Build.0 = Debug|x64
		{2AADF16B-A87D-49F1-8353-FB064C04F988}.Release|Win32.ActiveCfg = Release|Win32
		{2AADF16B-A87D-49F1-8353-FB064C04F988}.Release|Win32.Build.0 = Release|Win32
		{2AADF16B-A87D-49F1-8353-FB064C04F988}.Release|x64.ActiveCfg = Release|x64
		{2AADF16B-A87D-49F1-8353-FB064C04F988}.Release|x64.Build.0 = Release|x64
		{CEBFCC7C-0EFF-4EB6-8E17-D3F5EE5E08C1}.Debug|Win32.ActiveCfg = Debug|Win32
		{CEBFCC7C-0EFF-4EB6-8E17-D3F5EE5E08C1}.Debug|Win32.Build.0 = Debug|Win32
		{CEBFCC7C-0EFF-4EB6-8E17-D3F5EE5E08C1}.Debug|x64.ActiveCfg = Debug|x64
		{CEBFCC7C-0EFF-4EB6-8E17-D3F5EE5E08C1}.Debug|x64.Build.0 = Debug|x64
		{CEBFCC7C-0EFF-4EB6-8E17-D3F5EE5E08C1}.Release|Win32.ActiveCfg = Release|Win32
		{CEBFCC7C-0EFF-4EB6-8E17-D3F5EE5E08C1}.Release|Win32.Build.0 = Release|Win32
		{CEBFCC7C-0EFF-4EB6-8E17-D3F5EE5E08C1}.Release|x64.ActiveCfg = Release|x64
		{CEBFCC7C-0EFF-4EB6-8E17-D3F5EE5E08C1}.Release|x64.Build.0 = Release|x64
		{C8F12907-3019-4412-8F9B-15CFB4528E93}.Debug|Win32.ActiveCfg = Debug|Win32
		{C8F12907-3019-4412-8F9B-15CFB4528E93}.Debug|Win32.Build.0 = Debug|Win32
		{C8F12907-3019-4412-8F9B-15CFB4528E93}.Debug|x64.ActiveCfg = Debug|x64
		{C8F12907-3019-4412-8F9B-15CFB4528E93}.Debug|x64.Build.0 = Debug|x64
		{C8F12907-3019-4412-8F9B-15CFB4528E93}.Release|Win32.ActiveCfg = Release|Win32
		{C8F12907-3019-4412-8F9B-15CFB4528E93}.Release|Win32.Build.0 = Release|Win32
		{C8F12907-3019-4412-8F9B-15CFB4528E93}.Release|x64.ActiveCfg = Release|x64
		{C8F12907-3019-4412-8F9B-15CFB4528E93}.Release|x64.Build.0 = Release|x64
		{3FA736F3-BE09-4EC6-B895-74A767C78D12}.Debug|Win32.ActiveCfg = Debug|Win32
		{3FA736F3-BE09-4EC6-B895-74A767C78D12}.Debug|x64.ActiveCfg = Debug|x64
		{3FA736F3-BE09-4EC6-B895-74A767C78D12}.Release|Win32.ActiveCfg = Release|Win32
		{3FA736F3-BE09-4EC6-B895-74A767C78D12}.Release|x64.ActiveCfg = Release|x64
	EndGlobalSection
	GlobalSection(SolutionProperties) = preSolution
		HideSolutionNode = FALSE
	EndGlobalSection
EndGlobal
