<?xml version="1.0" encoding="utf-8"?>
<Project ToolsVersion="4.0" xmlns="http://schemas.microsoft.com/developer/msbuild/2003">
  <ItemGroup>
    <Filter Include="Source Files">
      <UniqueIdentifier>{4FC737F1-C7A5-4376-A066-2A32D752A2FF}</UniqueIdentifier>
      <Extensions>cpp;c;cc;cxx;def;odl;idl;hpj;bat;asm;asmx</Extensions>
    </Filter>
    <Filter Include="Header Files">
      <UniqueIdentifier>{93995380-89BD-4b04-88EB-625FBE52EBFB}</UniqueIdentifier>
      <Extensions>h;hh;hpp;hxx;hm;inl;inc;xsd</Extensions>
    </Filter>
    <Filter Include="Resource Files">
      <UniqueIdentifier>{67DA6AB6-F800-4c08-8B7A-83BB121AAD01}</UniqueIdentifier>
      <Extensions>rc;ico;cur;bmp;dlg;rc2;rct;bin;rgs;gif;jpg;jpeg;jpe;resx;tiff;tif;png;wav;mfcribbon-ms</Extensions>
    </Filter>
    <Filter Include="Source Files\7ZIP_COMMON_OBJS">
      <UniqueIdentifier>{87221a91-3bf4-4720-8a27-191556968fd1}</UniqueIdentifier>
    </Filter>
    <Filter Include="Source Files\C_OBJS">
      <UniqueIdentifier>{0484c59f-93fc-4a78-933f-bf44ae4f30ce}</UniqueIdentifier>
    </Filter>
    <Filter Include="Source Files\COMMON_OBJS">
      <UniqueIdentifier>{644e054a-8542-4dbe-9fa0-575f19dcfce9}</UniqueIdentifier>
    </Filter>
    <Filter Include="Source Files\COMPRESS_OBJS">
      <UniqueIdentifier>{3ff088af-cacb-4a01-a73c-fc70209c447b}</UniqueIdentifier>
    </Filter>
    <Filter Include="Source Files\COMPRESS_OBJS\PACKJPG_OBJS">
      <UniqueIdentifier>{34f83f6e-061a-4605-976e-6538409eb187}</UniqueIdentifier>
    </Filter>
    <Filter Include="Source Files\WIN_OBJS">
      <UniqueIdentifier>{2d662a3a-61d4-4233-aab8-bc5414e0101a}</UniqueIdentifier>
    </Filter>
  </ItemGroup>
  <ItemGroup>
    <Text Include="ReadMe.txt" />
  </ItemGroup>
  <ItemGroup>
    <ClCompile Include="..\..\7ze-src\CPP\7zip\Common\CreateCoder.cpp">
      <Filter>Source Files\7ZIP_COMMON_OBJS</Filter>
    </ClCompile>
    <ClCompile Include="..\..\7ze-src\CPP\7zip\Common\FilterCoder.cpp">
      <Filter>Source Files\7ZIP_COMMON_OBJS</Filter>
    </ClCompile>
    <ClCompile Include="..\..\7ze-src\CPP\7zip\Common\StreamUtils.cpp">
      <Filter>Source Files\7ZIP_COMMON_OBJS</Filter>
    </ClCompile>
    <ClCompile Include="..\..\7ze-src\CPP\7zip\Compress\CodecExports.cpp">
      <Filter>Source Files\COMPRESS_OBJS</Filter>
    </ClCompile>
    <ClCompile Include="..\..\7ze-src\CPP\7zip\Compress\DllExports2Compress.cpp">
      <Filter>Source Files\COMPRESS_OBJS</Filter>
    </ClCompile>
    <ClCompile Include="..\..\7ze-src\C\Alloc.c">
      <Filter>Source Files\C_OBJS</Filter>
    </ClCompile>
    <ClCompile Include="..\..\7ze-src\CPP\Common\MyString.cpp">
      <Filter>Source Files\COMMON_OBJS</Filter>
    </ClCompile>
    <ClCompile Include="..\..\7ze-src\CPP\Windows\PropVariant.cpp">
      <Filter>Source Files\WIN_OBJS</Filter>
    </ClCompile>
    <ClCompile Include="CM.cpp">
      <Filter>Source Files\COMPRESS_OBJS</Filter>
    </ClCompile>
    <ClCompile Include="Compressor.cpp">
      <Filter>Source Files\COMPRESS_OBJS</Filter>
    </ClCompile>
    <ClCompile Include="FilterTest.cpp">
      <Filter>Source Files\COMPRESS_OBJS</Filter>
    </ClCompile>
    <ClCompile Include="Huffman.cpp">
      <Filter>Source Files\COMPRESS_OBJS</Filter>
    </ClCompile>
    <ClCompile Include="LZ.cpp">
      <Filter>Source Files\COMPRESS_OBJS</Filter>
    </ClCompile>
    <ClCompile Include="MCMCoder.cpp">
      <Filter>Source Files\COMPRESS_OBJS</Filter>
    </ClCompile>
    <ClCompile Include="MCMDecoder.cpp">
      <Filter>Source Files\COMPRESS_OBJS</Filter>
    </ClCompile>
    <ClCompile Include="MCMEncoder.cpp">
      <Filter>Source Files\COMPRESS_OBJS</Filter>
    </ClCompile>
    <ClCompile Include="MCMRegister.cpp">
      <Filter>Source Files\COMPRESS_OBJS</Filter>
    </ClCompile>
    <ClCompile Include="Memory.cpp">
      <Filter>Source Files\COMPRESS_OBJS</Filter>
    </ClCompile>
    <ClCompile Include="Util.cpp">
      <Filter>Source Files\COMPRESS_OBJS</Filter>
    </ClCompile>
    <ClCompile Include="PackjpgCoder.cpp">
      <Filter>Source Files\COMPRESS_OBJS</Filter>
    </ClCompile>
  </ItemGroup>
  <ItemGroup>
    <None Include="..\..\7ze-src\CPP\7zip\Compress\Codec.def">
      <Filter>Source Files</Filter>
    </None>
  </ItemGroup>
  <ItemGroup>
    <ClInclude Include="CM.hpp">
      <Filter>Header Files</Filter>
    </ClInclude>
    <ClInclude Include="Compressor.hpp">
      <Filter>Header Files</Filter>
    </ClInclude>
    <ClInclude Include="CyclicBuffer.hpp">
      <Filter>Header Files</Filter>
    </ClInclude>
    <ClInclude Include="DeltaFilter.hpp">
      <Filter>Header Files</Filter>
    </ClInclude>
    <ClInclude Include="Detector.hpp">
      <Filter>Header Files</Filter>
    </ClInclude>
    <ClInclude Include="Dict.hpp">
      <Filter>Header Files</Filter>
    </ClInclude>
    <ClInclude Include="DivTable.hpp">
      <Filter>Header Files</Filter>
    </ClInclude>
    <ClInclude Include="Entropy.hpp">
      <Filter>Header Files</Filter>
    </ClInclude>
    <ClInclude Include="Filter.hpp">
      <Filter>Header Files</Filter>
    </ClInclude>
    <ClInclude Include="Huffman.hpp">
      <Filter>Header Files</Filter>
    </ClInclude>
    <ClInclude Include="Log.hpp">
      <Filter>Header Files</Filter>
    </ClInclude>
    <ClInclude Include="LZ.hpp">
      <Filter>Header Files</Filter>
    </ClInclude>
    <ClInclude Include="MatchModel.hpp">
      <Filter>Header Files</Filter>
    </ClInclude>
    <ClInclude Include="MCMCoder.h">
      <Filter>Header Files</Filter>
    </ClInclude>
    <ClInclude Include="MCMDecoder.h">
      <Filter>Header Files</Filter>
    </ClInclude>
    <ClInclude Include="MCMEncoder.h">
      <Filter>Header Files</Filter>
    </ClInclude>
    <ClInclude Include="Memory.hpp">
      <Filter>Header Files</Filter>
    </ClInclude>
    <ClInclude Include="Mixer.hpp">
      <Filter>Header Files</Filter>
    </ClInclude>
    <ClInclude Include="Model.hpp">
      <Filter>Header Files</Filter>
    </ClInclude>
    <ClInclude Include="ProgressMeter.hpp">
      <Filter>Header Files</Filter>
    </ClInclude>
    <ClInclude Include="Range.hpp">
      <Filter>Header Files</Filter>
    </ClInclude>
    <ClInclude Include="SSE.hpp">
      <Filter>Header Files</Filter>
    </ClInclude>
    <ClInclude Include="StateMap.hpp">
      <Filter>Header Files</Filter>
    </ClInclude>
    <ClInclude Include="Stream.hpp">
      <Filter>Header Files</Filter>
    </ClInclude>
    <ClInclude Include="Tests.hpp">
      <Filter>Header Files</Filter>
    </ClInclude>
    <ClInclude Include="TurboCM.hpp">
      <Filter>Header Files</Filter>
    </ClInclude>
    <ClInclude Include="UTF8.hpp">
      <Filter>Header Files</Filter>
    </ClInclude>
    <ClInclude Include="Util.hpp">
      <Filter>Header Files</Filter>
    </ClInclude>
    <ClInclude Include="Wav16.hpp">
      <Filter>Header Files</Filter>
    </ClInclude>
    <ClInclude Include="WordModel.hpp">
      <Filter>Header Files</Filter>
    </ClInclude>
    <ClInclude Include="X86Binary.hpp">
      <Filter>Header Files</Filter>
    </ClInclude>
    <ClInclude Include="PackjpgCoder.h">
      <Filter>Header Files</Filter>
    </ClInclude>
  </ItemGroup>
</Project>